// !$*UTF8*$!
{
	archiveVersion = 1;
	classes = {
	};
	objectVersion = 46;
	objects = {

/* Begin PBXBuildFile section */
		5C12F75E1CF9906500309F7A /* FIBaseEntity.m in Sources */ = {isa = PBXBuildFile; fileRef = 5C12F71C1CF9906500309F7A /* FIBaseEntity.m */; };
		5C12F75F1CF9906500309F7A /* GTMBase64.m in Sources */ = {isa = PBXBuildFile; fileRef = 5C12F71F1CF9906500309F7A /* GTMBase64.m */; };
		5C12F7601CF9906500309F7A /* MASCompositeConstraint.m in Sources */ = {isa = PBXBuildFile; fileRef = 5C12F7231CF9906500309F7A /* MASCompositeConstraint.m */; };
		5C12F7611CF9906500309F7A /* MASConstraint.m in Sources */ = {isa = PBXBuildFile; fileRef = 5C12F7261CF9906500309F7A /* MASConstraint.m */; };
		5C12F7621CF9906500309F7A /* MASConstraintMaker.m in Sources */ = {isa = PBXBuildFile; fileRef = 5C12F7281CF9906500309F7A /* MASConstraintMaker.m */; };
		5C12F7631CF9906500309F7A /* MASLayoutConstraint.m in Sources */ = {isa = PBXBuildFile; fileRef = 5C12F72A1CF9906500309F7A /* MASLayoutConstraint.m */; };
		5C12F7641CF9906500309F7A /* MASViewAttribute.m in Sources */ = {isa = PBXBuildFile; fileRef = 5C12F72E1CF9906500309F7A /* MASViewAttribute.m */; };
		5C12F7651CF9906500309F7A /* MASViewConstraint.m in Sources */ = {isa = PBXBuildFile; fileRef = 5C12F7301CF9906500309F7A /* MASViewConstraint.m */; };
		5C12F7661CF9906500309F7A /* NSArray+MASAdditions.m in Sources */ = {isa = PBXBuildFile; fileRef = 5C12F7321CF9906500309F7A /* NSArray+MASAdditions.m */; };
		5C12F7671CF9906500309F7A /* NSLayoutConstraint+MASDebugAdditions.m in Sources */ = {isa = PBXBuildFile; fileRef = 5C12F7351CF9906500309F7A /* NSLayoutConstraint+MASDebugAdditions.m */; };
		5C12F7681CF9906500309F7A /* View+MASAdditions.m in Sources */ = {isa = PBXBuildFile; fileRef = 5C12F7371CF9906500309F7A /* View+MASAdditions.m */; };
		5C12F7691CF9906500309F7A /* ViewController+MASAdditions.m in Sources */ = {isa = PBXBuildFile; fileRef = 5C12F73A1CF9906500309F7A /* ViewController+MASAdditions.m */; };
		5C12F76A1CF9906500309F7A /* UIViewExt.m in Sources */ = {isa = PBXBuildFile; fileRef = 5C12F73D1CF9906500309F7A /* UIViewExt.m */; };
		5C12F76B1CF9906500309F7A /* FIWebView.m in Sources */ = {isa = PBXBuildFile; fileRef = 5C12F73F1CF9906500309F7A /* FIWebView.m */; };
		5C12F76C1CF9906500309F7A /* FSBaseController.m in Sources */ = {isa = PBXBuildFile; fileRef = 5C12F7421CF9906500309F7A /* FSBaseController.m */; };
		5C12F76D1CF9906500309F7A /* FSBaseView.m in Sources */ = {isa = PBXBuildFile; fileRef = 5C12F7441CF9906500309F7A /* FSBaseView.m */; };
		5C12F76E1CF9906500309F7A /* FSHardwareInfoController.m in Sources */ = {isa = PBXBuildFile; fileRef = 5C12F7461CF9906500309F7A /* FSHardwareInfoController.m */; };
		5C12F76F1CF9906500309F7A /* FSImageLabelView.m in Sources */ = {isa = PBXBuildFile; fileRef = 5C12F7481CF9906500309F7A /* FSImageLabelView.m */; };
		5C12F7701CF9906500309F7A /* FSNavigationController.m in Sources */ = {isa = PBXBuildFile; fileRef = 5C12F74A1CF9906500309F7A /* FSNavigationController.m */; };
		5C12F7711CF9906500309F7A /* FSQRController.m in Sources */ = {isa = PBXBuildFile; fileRef = 5C12F74C1CF9906500309F7A /* FSQRController.m */; };
		5C12F7721CF9906500309F7A /* FSViewManager.m in Sources */ = {isa = PBXBuildFile; fileRef = 5C12F74E1CF9906500309F7A /* FSViewManager.m */; };
		5C12F7731CF9906500309F7A /* FSWebController.m in Sources */ = {isa = PBXBuildFile; fileRef = 5C12F7501CF9906500309F7A /* FSWebController.m */; };
		5C12F7741CF9906500309F7A /* FSWebImageView.m in Sources */ = {isa = PBXBuildFile; fileRef = 5C12F7521CF9906500309F7A /* FSWebImageView.m */; };
		5C12F7751CF9906500309F7A /* FuData.m in Sources */ = {isa = PBXBuildFile; fileRef = 5C12F7561CF9906500309F7A /* FuData.m */; };
		5C12F7761CF9906500309F7A /* FuSing.m in Sources */ = {isa = PBXBuildFile; fileRef = 5C12F7581CF9906500309F7A /* FuSing.m */; };
		5C12F7771CF9906500309F7A /* FuWeb.m in Sources */ = {isa = PBXBuildFile; fileRef = 5C12F75B1CF9906500309F7A /* FuWeb.m */; };
		5C12F7781CF9906500309F7A /* Note.txt in Resources */ = {isa = PBXBuildFile; fileRef = 5C12F75C1CF9906500309F7A /* Note.txt */; };
		5C12F7791CF9906500309F7A /* README.md in Sources */ = {isa = PBXBuildFile; fileRef = 5C12F75D1CF9906500309F7A /* README.md */; };
		5C12F79C1CF9908E00309F7A /* MKAnnotationView+WebCache.m in Sources */ = {isa = PBXBuildFile; fileRef = 5C12F77C1CF9908E00309F7A /* MKAnnotationView+WebCache.m */; };
		5C12F79D1CF9908E00309F7A /* NSData+ImageContentType.m in Sources */ = {isa = PBXBuildFile; fileRef = 5C12F77E1CF9908E00309F7A /* NSData+ImageContentType.m */; };
		5C12F79E1CF9908E00309F7A /* SDImageCache.m in Sources */ = {isa = PBXBuildFile; fileRef = 5C12F7801CF9908E00309F7A /* SDImageCache.m */; };
		5C12F79F1CF9908E00309F7A /* SDWebImageCompat.m in Sources */ = {isa = PBXBuildFile; fileRef = 5C12F7821CF9908E00309F7A /* SDWebImageCompat.m */; };
		5C12F7A01CF9908E00309F7A /* SDWebImageDecoder.m in Sources */ = {isa = PBXBuildFile; fileRef = 5C12F7841CF9908E00309F7A /* SDWebImageDecoder.m */; };
		5C12F7A11CF9908E00309F7A /* SDWebImageDownloader.m in Sources */ = {isa = PBXBuildFile; fileRef = 5C12F7861CF9908E00309F7A /* SDWebImageDownloader.m */; };
		5C12F7A21CF9908E00309F7A /* SDWebImageDownloaderOperation.m in Sources */ = {isa = PBXBuildFile; fileRef = 5C12F7881CF9908E00309F7A /* SDWebImageDownloaderOperation.m */; };
		5C12F7A31CF9908E00309F7A /* SDWebImageManager.m in Sources */ = {isa = PBXBuildFile; fileRef = 5C12F78A1CF9908E00309F7A /* SDWebImageManager.m */; };
		5C12F7A41CF9908E00309F7A /* SDWebImagePrefetcher.m in Sources */ = {isa = PBXBuildFile; fileRef = 5C12F78D1CF9908E00309F7A /* SDWebImagePrefetcher.m */; };
		5C12F7A51CF9908E00309F7A /* UIButton+WebCache.m in Sources */ = {isa = PBXBuildFile; fileRef = 5C12F78F1CF9908E00309F7A /* UIButton+WebCache.m */; };
		5C12F7A61CF9908E00309F7A /* UIImage+GIF.m in Sources */ = {isa = PBXBuildFile; fileRef = 5C12F7911CF9908E00309F7A /* UIImage+GIF.m */; };
		5C12F7A71CF9908E00309F7A /* UIImage+MultiFormat.m in Sources */ = {isa = PBXBuildFile; fileRef = 5C12F7931CF9908E00309F7A /* UIImage+MultiFormat.m */; };
		5C12F7A81CF9908E00309F7A /* UIImage+WebP.m in Sources */ = {isa = PBXBuildFile; fileRef = 5C12F7951CF9908E00309F7A /* UIImage+WebP.m */; };
		5C12F7A91CF9908E00309F7A /* UIImageView+HighlightedWebCache.m in Sources */ = {isa = PBXBuildFile; fileRef = 5C12F7971CF9908E00309F7A /* UIImageView+HighlightedWebCache.m */; };
		5C12F7AA1CF9908E00309F7A /* UIImageView+WebCache.m in Sources */ = {isa = PBXBuildFile; fileRef = 5C12F7991CF9908E00309F7A /* UIImageView+WebCache.m */; };
		5C12F7AB1CF9908E00309F7A /* UIView+WebCacheOperation.m in Sources */ = {isa = PBXBuildFile; fileRef = 5C12F79B1CF9908E00309F7A /* UIView+WebCacheOperation.m */; };
		5C34EC341CBFBA5200B53D1C /* main.m in Sources */ = {isa = PBXBuildFile; fileRef = 5C34EC331CBFBA5200B53D1C /* main.m */; };
		5C34EC371CBFBA5200B53D1C /* AppDelegate.m in Sources */ = {isa = PBXBuildFile; fileRef = 5C34EC361CBFBA5200B53D1C /* AppDelegate.m */; };
		5C34EC3A1CBFBA5200B53D1C /* ViewController.m in Sources */ = {isa = PBXBuildFile; fileRef = 5C34EC391CBFBA5200B53D1C /* ViewController.m */; };
		5C34EC3D1CBFBA5200B53D1C /* Main.storyboard in Resources */ = {isa = PBXBuildFile; fileRef = 5C34EC3B1CBFBA5200B53D1C /* Main.storyboard */; };
		5C34EC3F1CBFBA5200B53D1C /* Assets.xcassets in Resources */ = {isa = PBXBuildFile; fileRef = 5C34EC3E1CBFBA5200B53D1C /* Assets.xcassets */; };
		5C34EC421CBFBA5200B53D1C /* LaunchScreen.storyboard in Resources */ = {isa = PBXBuildFile; fileRef = 5C34EC401CBFBA5200B53D1C /* LaunchScreen.storyboard */; };
		5C5058BF1CC20133003A2B58 /* SPSetViewController.m in Sources */ = {isa = PBXBuildFile; fileRef = 5C5058BD1CC20133003A2B58 /* SPSetViewController.m */; };
		5C5058C01CC20133003A2B58 /* SPSetViewController.xib in Resources */ = {isa = PBXBuildFile; fileRef = 5C5058BE1CC20133003A2B58 /* SPSetViewController.xib */; };
		71ABE51F1CD6D36E00808AFF /* FSMSGCell.m in Sources */ = {isa = PBXBuildFile; fileRef = 71ABE51D1CD6D36E00808AFF /* FSMSGCell.m */; };
		71ABE5201CD6D36E00808AFF /* FSMSGCell.xib in Resources */ = {isa = PBXBuildFile; fileRef = 71ABE51E1CD6D36E00808AFF /* FSMSGCell.xib */; };
/* End PBXBuildFile section */

/* Begin PBXFileReference section */
		5C12F71B1CF9906500309F7A /* FIBaseEntity.h */ = {isa = PBXFileReference; fileEncoding = 4; lastKnownFileType = sourcecode.c.h; path = FIBaseEntity.h; sourceTree = "<group>"; };
		5C12F71C1CF9906500309F7A /* FIBaseEntity.m */ = {isa = PBXFileReference; fileEncoding = 4; lastKnownFileType = sourcecode.c.objc; path = FIBaseEntity.m; sourceTree = "<group>"; };
		5C12F71E1CF9906500309F7A /* GTMBase64.h */ = {isa = PBXFileReference; fileEncoding = 4; lastKnownFileType = sourcecode.c.h; path = GTMBase64.h; sourceTree = "<group>"; };
		5C12F71F1CF9906500309F7A /* GTMBase64.m */ = {isa = PBXFileReference; fileEncoding = 4; lastKnownFileType = sourcecode.c.objc; path = GTMBase64.m; sourceTree = "<group>"; };
		5C12F7201CF9906500309F7A /* GTMDefines.h */ = {isa = PBXFileReference; fileEncoding = 4; lastKnownFileType = sourcecode.c.h; path = GTMDefines.h; sourceTree = "<group>"; };
		5C12F7221CF9906500309F7A /* MASCompositeConstraint.h */ = {isa = PBXFileReference; fileEncoding = 4; lastKnownFileType = sourcecode.c.h; path = MASCompositeConstraint.h; sourceTree = "<group>"; };
		5C12F7231CF9906500309F7A /* MASCompositeConstraint.m */ = {isa = PBXFileReference; fileEncoding = 4; lastKnownFileType = sourcecode.c.objc; path = MASCompositeConstraint.m; sourceTree = "<group>"; };
		5C12F7241CF9906500309F7A /* MASConstraint+Private.h */ = {isa = PBXFileReference; fileEncoding = 4; lastKnownFileType = sourcecode.c.h; path = "MASConstraint+Private.h"; sourceTree = "<group>"; };
		5C12F7251CF9906500309F7A /* MASConstraint.h */ = {isa = PBXFileReference; fileEncoding = 4; lastKnownFileType = sourcecode.c.h; path = MASConstraint.h; sourceTree = "<group>"; };
		5C12F7261CF9906500309F7A /* MASConstraint.m */ = {isa = PBXFileReference; fileEncoding = 4; lastKnownFileType = sourcecode.c.objc; path = MASConstraint.m; sourceTree = "<group>"; };
		5C12F7271CF9906500309F7A /* MASConstraintMaker.h */ = {isa = PBXFileReference; fileEncoding = 4; lastKnownFileType = sourcecode.c.h; path = MASConstraintMaker.h; sourceTree = "<group>"; };
		5C12F7281CF9906500309F7A /* MASConstraintMaker.m */ = {isa = PBXFileReference; fileEncoding = 4; lastKnownFileType = sourcecode.c.objc; path = MASConstraintMaker.m; sourceTree = "<group>"; };
		5C12F7291CF9906500309F7A /* MASLayoutConstraint.h */ = {isa = PBXFileReference; fileEncoding = 4; lastKnownFileType = sourcecode.c.h; path = MASLayoutConstraint.h; sourceTree = "<group>"; };
		5C12F72A1CF9906500309F7A /* MASLayoutConstraint.m */ = {isa = PBXFileReference; fileEncoding = 4; lastKnownFileType = sourcecode.c.objc; path = MASLayoutConstraint.m; sourceTree = "<group>"; };
		5C12F72B1CF9906500309F7A /* Masonry.h */ = {isa = PBXFileReference; fileEncoding = 4; lastKnownFileType = sourcecode.c.h; path = Masonry.h; sourceTree = "<group>"; };
		5C12F72C1CF9906500309F7A /* MASUtilities.h */ = {isa = PBXFileReference; fileEncoding = 4; lastKnownFileType = sourcecode.c.h; path = MASUtilities.h; sourceTree = "<group>"; };
		5C12F72D1CF9906500309F7A /* MASViewAttribute.h */ = {isa = PBXFileReference; fileEncoding = 4; lastKnownFileType = sourcecode.c.h; path = MASViewAttribute.h; sourceTree = "<group>"; };
		5C12F72E1CF9906500309F7A /* MASViewAttribute.m */ = {isa = PBXFileReference; fileEncoding = 4; lastKnownFileType = sourcecode.c.objc; path = MASViewAttribute.m; sourceTree = "<group>"; };
		5C12F72F1CF9906500309F7A /* MASViewConstraint.h */ = {isa = PBXFileReference; fileEncoding = 4; lastKnownFileType = sourcecode.c.h; path = MASViewConstraint.h; sourceTree = "<group>"; };
		5C12F7301CF9906500309F7A /* MASViewConstraint.m */ = {isa = PBXFileReference; fileEncoding = 4; lastKnownFileType = sourcecode.c.objc; path = MASViewConstraint.m; sourceTree = "<group>"; };
		5C12F7311CF9906500309F7A /* NSArray+MASAdditions.h */ = {isa = PBXFileReference; fileEncoding = 4; lastKnownFileType = sourcecode.c.h; path = "NSArray+MASAdditions.h"; sourceTree = "<group>"; };
		5C12F7321CF9906500309F7A /* NSArray+MASAdditions.m */ = {isa = PBXFileReference; fileEncoding = 4; lastKnownFileType = sourcecode.c.objc; path = "NSArray+MASAdditions.m"; sourceTree = "<group>"; };
		5C12F7331CF9906500309F7A /* NSArray+MASShorthandAdditions.h */ = {isa = PBXFileReference; fileEncoding = 4; lastKnownFileType = sourcecode.c.h; path = "NSArray+MASShorthandAdditions.h"; sourceTree = "<group>"; };
		5C12F7341CF9906500309F7A /* NSLayoutConstraint+MASDebugAdditions.h */ = {isa = PBXFileReference; fileEncoding = 4; lastKnownFileType = sourcecode.c.h; path = "NSLayoutConstraint+MASDebugAdditions.h"; sourceTree = "<group>"; };
		5C12F7351CF9906500309F7A /* NSLayoutConstraint+MASDebugAdditions.m */ = {isa = PBXFileReference; fileEncoding = 4; lastKnownFileType = sourcecode.c.objc; path = "NSLayoutConstraint+MASDebugAdditions.m"; sourceTree = "<group>"; };
		5C12F7361CF9906500309F7A /* View+MASAdditions.h */ = {isa = PBXFileReference; fileEncoding = 4; lastKnownFileType = sourcecode.c.h; path = "View+MASAdditions.h"; sourceTree = "<group>"; };
		5C12F7371CF9906500309F7A /* View+MASAdditions.m */ = {isa = PBXFileReference; fileEncoding = 4; lastKnownFileType = sourcecode.c.objc; path = "View+MASAdditions.m"; sourceTree = "<group>"; };
		5C12F7381CF9906500309F7A /* View+MASShorthandAdditions.h */ = {isa = PBXFileReference; fileEncoding = 4; lastKnownFileType = sourcecode.c.h; path = "View+MASShorthandAdditions.h"; sourceTree = "<group>"; };
		5C12F7391CF9906500309F7A /* ViewController+MASAdditions.h */ = {isa = PBXFileReference; fileEncoding = 4; lastKnownFileType = sourcecode.c.h; path = "ViewController+MASAdditions.h"; sourceTree = "<group>"; };
		5C12F73A1CF9906500309F7A /* ViewController+MASAdditions.m */ = {isa = PBXFileReference; fileEncoding = 4; lastKnownFileType = sourcecode.c.objc; path = "ViewController+MASAdditions.m"; sourceTree = "<group>"; };
		5C12F73C1CF9906500309F7A /* UIViewExt.h */ = {isa = PBXFileReference; fileEncoding = 4; lastKnownFileType = sourcecode.c.h; path = UIViewExt.h; sourceTree = "<group>"; };
		5C12F73D1CF9906500309F7A /* UIViewExt.m */ = {isa = PBXFileReference; fileEncoding = 4; lastKnownFileType = sourcecode.c.objc; path = UIViewExt.m; sourceTree = "<group>"; };
		5C12F73E1CF9906500309F7A /* FIWebView.h */ = {isa = PBXFileReference; fileEncoding = 4; lastKnownFileType = sourcecode.c.h; path = FIWebView.h; sourceTree = "<group>"; };
		5C12F73F1CF9906500309F7A /* FIWebView.m */ = {isa = PBXFileReference; fileEncoding = 4; lastKnownFileType = sourcecode.c.objc; path = FIWebView.m; sourceTree = "<group>"; };
		5C12F7411CF9906500309F7A /* FSBaseController.h */ = {isa = PBXFileReference; fileEncoding = 4; lastKnownFileType = sourcecode.c.h; path = FSBaseController.h; sourceTree = "<group>"; };
		5C12F7421CF9906500309F7A /* FSBaseController.m */ = {isa = PBXFileReference; fileEncoding = 4; lastKnownFileType = sourcecode.c.objc; path = FSBaseController.m; sourceTree = "<group>"; };
		5C12F7431CF9906500309F7A /* FSBaseView.h */ = {isa = PBXFileReference; fileEncoding = 4; lastKnownFileType = sourcecode.c.h; path = FSBaseView.h; sourceTree = "<group>"; };
		5C12F7441CF9906500309F7A /* FSBaseView.m */ = {isa = PBXFileReference; fileEncoding = 4; lastKnownFileType = sourcecode.c.objc; path = FSBaseView.m; sourceTree = "<group>"; };
		5C12F7451CF9906500309F7A /* FSHardwareInfoController.h */ = {isa = PBXFileReference; fileEncoding = 4; lastKnownFileType = sourcecode.c.h; path = FSHardwareInfoController.h; sourceTree = "<group>"; };
		5C12F7461CF9906500309F7A /* FSHardwareInfoController.m */ = {isa = PBXFileReference; fileEncoding = 4; lastKnownFileType = sourcecode.c.objc; path = FSHardwareInfoController.m; sourceTree = "<group>"; };
		5C12F7471CF9906500309F7A /* FSImageLabelView.h */ = {isa = PBXFileReference; fileEncoding = 4; lastKnownFileType = sourcecode.c.h; path = FSImageLabelView.h; sourceTree = "<group>"; };
		5C12F7481CF9906500309F7A /* FSImageLabelView.m */ = {isa = PBXFileReference; fileEncoding = 4; lastKnownFileType = sourcecode.c.objc; path = FSImageLabelView.m; sourceTree = "<group>"; };
		5C12F7491CF9906500309F7A /* FSNavigationController.h */ = {isa = PBXFileReference; fileEncoding = 4; lastKnownFileType = sourcecode.c.h; path = FSNavigationController.h; sourceTree = "<group>"; };
		5C12F74A1CF9906500309F7A /* FSNavigationController.m */ = {isa = PBXFileReference; fileEncoding = 4; lastKnownFileType = sourcecode.c.objc; path = FSNavigationController.m; sourceTree = "<group>"; };
		5C12F74B1CF9906500309F7A /* FSQRController.h */ = {isa = PBXFileReference; fileEncoding = 4; lastKnownFileType = sourcecode.c.h; path = FSQRController.h; sourceTree = "<group>"; };
		5C12F74C1CF9906500309F7A /* FSQRController.m */ = {isa = PBXFileReference; fileEncoding = 4; lastKnownFileType = sourcecode.c.objc; path = FSQRController.m; sourceTree = "<group>"; };
		5C12F74D1CF9906500309F7A /* FSViewManager.h */ = {isa = PBXFileReference; fileEncoding = 4; lastKnownFileType = sourcecode.c.h; path = FSViewManager.h; sourceTree = "<group>"; };
		5C12F74E1CF9906500309F7A /* FSViewManager.m */ = {isa = PBXFileReference; fileEncoding = 4; lastKnownFileType = sourcecode.c.objc; path = FSViewManager.m; sourceTree = "<group>"; };
		5C12F74F1CF9906500309F7A /* FSWebController.h */ = {isa = PBXFileReference; fileEncoding = 4; lastKnownFileType = sourcecode.c.h; path = FSWebController.h; sourceTree = "<group>"; };
		5C12F7501CF9906500309F7A /* FSWebController.m */ = {isa = PBXFileReference; fileEncoding = 4; lastKnownFileType = sourcecode.c.objc; path = FSWebController.m; sourceTree = "<group>"; };
		5C12F7511CF9906500309F7A /* FSWebImageView.h */ = {isa = PBXFileReference; fileEncoding = 4; lastKnownFileType = sourcecode.c.h; path = FSWebImageView.h; sourceTree = "<group>"; };
		5C12F7521CF9906500309F7A /* FSWebImageView.m */ = {isa = PBXFileReference; fileEncoding = 4; lastKnownFileType = sourcecode.c.objc; path = FSWebImageView.m; sourceTree = "<group>"; };
		5C12F7531CF9906500309F7A /* FSMacro.h */ = {isa = PBXFileReference; fileEncoding = 4; lastKnownFileType = sourcecode.c.h; path = FSMacro.h; sourceTree = "<group>"; };
		5C12F7541CF9906500309F7A /* FSWebUrl.h */ = {isa = PBXFileReference; fileEncoding = 4; lastKnownFileType = sourcecode.c.h; path = FSWebUrl.h; sourceTree = "<group>"; };
		5C12F7551CF9906500309F7A /* FuData.h */ = {isa = PBXFileReference; fileEncoding = 4; lastKnownFileType = sourcecode.c.h; path = FuData.h; sourceTree = "<group>"; };
		5C12F7561CF9906500309F7A /* FuData.m */ = {isa = PBXFileReference; fileEncoding = 4; lastKnownFileType = sourcecode.c.objc; path = FuData.m; sourceTree = "<group>"; };
		5C12F7571CF9906500309F7A /* FuSing.h */ = {isa = PBXFileReference; fileEncoding = 4; lastKnownFileType = sourcecode.c.h; path = FuSing.h; sourceTree = "<group>"; };
		5C12F7581CF9906500309F7A /* FuSing.m */ = {isa = PBXFileReference; fileEncoding = 4; lastKnownFileType = sourcecode.c.objc; path = FuSing.m; sourceTree = "<group>"; };
		5C12F7591CF9906500309F7A /* FuSoft.h */ = {isa = PBXFileReference; fileEncoding = 4; lastKnownFileType = sourcecode.c.h; path = FuSoft.h; sourceTree = "<group>"; };
		5C12F75A1CF9906500309F7A /* FuWeb.h */ = {isa = PBXFileReference; fileEncoding = 4; lastKnownFileType = sourcecode.c.h; path = FuWeb.h; sourceTree = "<group>"; };
		5C12F75B1CF9906500309F7A /* FuWeb.m */ = {isa = PBXFileReference; fileEncoding = 4; lastKnownFileType = sourcecode.c.objc; path = FuWeb.m; sourceTree = "<group>"; };
		5C12F75C1CF9906500309F7A /* Note.txt */ = {isa = PBXFileReference; fileEncoding = 4; lastKnownFileType = text; path = Note.txt; sourceTree = "<group>"; };
		5C12F75D1CF9906500309F7A /* README.md */ = {isa = PBXFileReference; fileEncoding = 4; lastKnownFileType = net.daringfireball.markdown; path = README.md; sourceTree = "<group>"; };
		5C12F77B1CF9908E00309F7A /* MKAnnotationView+WebCache.h */ = {isa = PBXFileReference; fileEncoding = 4; lastKnownFileType = sourcecode.c.h; path = "MKAnnotationView+WebCache.h"; sourceTree = "<group>"; };
		5C12F77C1CF9908E00309F7A /* MKAnnotationView+WebCache.m */ = {isa = PBXFileReference; fileEncoding = 4; lastKnownFileType = sourcecode.c.objc; path = "MKAnnotationView+WebCache.m"; sourceTree = "<group>"; };
		5C12F77D1CF9908E00309F7A /* NSData+ImageContentType.h */ = {isa = PBXFileReference; fileEncoding = 4; lastKnownFileType = sourcecode.c.h; path = "NSData+ImageContentType.h"; sourceTree = "<group>"; };
		5C12F77E1CF9908E00309F7A /* NSData+ImageContentType.m */ = {isa = PBXFileReference; fileEncoding = 4; lastKnownFileType = sourcecode.c.objc; path = "NSData+ImageContentType.m"; sourceTree = "<group>"; };
		5C12F77F1CF9908E00309F7A /* SDImageCache.h */ = {isa = PBXFileReference; fileEncoding = 4; lastKnownFileType = sourcecode.c.h; path = SDImageCache.h; sourceTree = "<group>"; };
		5C12F7801CF9908E00309F7A /* SDImageCache.m */ = {isa = PBXFileReference; fileEncoding = 4; lastKnownFileType = sourcecode.c.objc; path = SDImageCache.m; sourceTree = "<group>"; };
		5C12F7811CF9908E00309F7A /* SDWebImageCompat.h */ = {isa = PBXFileReference; fileEncoding = 4; lastKnownFileType = sourcecode.c.h; path = SDWebImageCompat.h; sourceTree = "<group>"; };
		5C12F7821CF9908E00309F7A /* SDWebImageCompat.m */ = {isa = PBXFileReference; fileEncoding = 4; lastKnownFileType = sourcecode.c.objc; path = SDWebImageCompat.m; sourceTree = "<group>"; };
		5C12F7831CF9908E00309F7A /* SDWebImageDecoder.h */ = {isa = PBXFileReference; fileEncoding = 4; lastKnownFileType = sourcecode.c.h; path = SDWebImageDecoder.h; sourceTree = "<group>"; };
		5C12F7841CF9908E00309F7A /* SDWebImageDecoder.m */ = {isa = PBXFileReference; fileEncoding = 4; lastKnownFileType = sourcecode.c.objc; path = SDWebImageDecoder.m; sourceTree = "<group>"; };
		5C12F7851CF9908E00309F7A /* SDWebImageDownloader.h */ = {isa = PBXFileReference; fileEncoding = 4; lastKnownFileType = sourcecode.c.h; path = SDWebImageDownloader.h; sourceTree = "<group>"; };
		5C12F7861CF9908E00309F7A /* SDWebImageDownloader.m */ = {isa = PBXFileReference; fileEncoding = 4; lastKnownFileType = sourcecode.c.objc; path = SDWebImageDownloader.m; sourceTree = "<group>"; };
		5C12F7871CF9908E00309F7A /* SDWebImageDownloaderOperation.h */ = {isa = PBXFileReference; fileEncoding = 4; lastKnownFileType = sourcecode.c.h; path = SDWebImageDownloaderOperation.h; sourceTree = "<group>"; };
		5C12F7881CF9908E00309F7A /* SDWebImageDownloaderOperation.m */ = {isa = PBXFileReference; fileEncoding = 4; lastKnownFileType = sourcecode.c.objc; path = SDWebImageDownloaderOperation.m; sourceTree = "<group>"; };
		5C12F7891CF9908E00309F7A /* SDWebImageManager.h */ = {isa = PBXFileReference; fileEncoding = 4; lastKnownFileType = sourcecode.c.h; path = SDWebImageManager.h; sourceTree = "<group>"; };
		5C12F78A1CF9908E00309F7A /* SDWebImageManager.m */ = {isa = PBXFileReference; fileEncoding = 4; lastKnownFileType = sourcecode.c.objc; path = SDWebImageManager.m; sourceTree = "<group>"; };
		5C12F78B1CF9908E00309F7A /* SDWebImageOperation.h */ = {isa = PBXFileReference; fileEncoding = 4; lastKnownFileType = sourcecode.c.h; path = SDWebImageOperation.h; sourceTree = "<group>"; };
		5C12F78C1CF9908E00309F7A /* SDWebImagePrefetcher.h */ = {isa = PBXFileReference; fileEncoding = 4; lastKnownFileType = sourcecode.c.h; path = SDWebImagePrefetcher.h; sourceTree = "<group>"; };
		5C12F78D1CF9908E00309F7A /* SDWebImagePrefetcher.m */ = {isa = PBXFileReference; fileEncoding = 4; lastKnownFileType = sourcecode.c.objc; path = SDWebImagePrefetcher.m; sourceTree = "<group>"; };
		5C12F78E1CF9908E00309F7A /* UIButton+WebCache.h */ = {isa = PBXFileReference; fileEncoding = 4; lastKnownFileType = sourcecode.c.h; path = "UIButton+WebCache.h"; sourceTree = "<group>"; };
		5C12F78F1CF9908E00309F7A /* UIButton+WebCache.m */ = {isa = PBXFileReference; fileEncoding = 4; lastKnownFileType = sourcecode.c.objc; path = "UIButton+WebCache.m"; sourceTree = "<group>"; };
		5C12F7901CF9908E00309F7A /* UIImage+GIF.h */ = {isa = PBXFileReference; fileEncoding = 4; lastKnownFileType = sourcecode.c.h; path = "UIImage+GIF.h"; sourceTree = "<group>"; };
		5C12F7911CF9908E00309F7A /* UIImage+GIF.m */ = {isa = PBXFileReference; fileEncoding = 4; lastKnownFileType = sourcecode.c.objc; path = "UIImage+GIF.m"; sourceTree = "<group>"; };
		5C12F7921CF9908E00309F7A /* UIImage+MultiFormat.h */ = {isa = PBXFileReference; fileEncoding = 4; lastKnownFileType = sourcecode.c.h; path = "UIImage+MultiFormat.h"; sourceTree = "<group>"; };
		5C12F7931CF9908E00309F7A /* UIImage+MultiFormat.m */ = {isa = PBXFileReference; fileEncoding = 4; lastKnownFileType = sourcecode.c.objc; path = "UIImage+MultiFormat.m"; sourceTree = "<group>"; };
		5C12F7941CF9908E00309F7A /* UIImage+WebP.h */ = {isa = PBXFileReference; fileEncoding = 4; lastKnownFileType = sourcecode.c.h; path = "UIImage+WebP.h"; sourceTree = "<group>"; };
		5C12F7951CF9908E00309F7A /* UIImage+WebP.m */ = {isa = PBXFileReference; fileEncoding = 4; lastKnownFileType = sourcecode.c.objc; path = "UIImage+WebP.m"; sourceTree = "<group>"; };
		5C12F7961CF9908E00309F7A /* UIImageView+HighlightedWebCache.h */ = {isa = PBXFileReference; fileEncoding = 4; lastKnownFileType = sourcecode.c.h; path = "UIImageView+HighlightedWebCache.h"; sourceTree = "<group>"; };
		5C12F7971CF9908E00309F7A /* UIImageView+HighlightedWebCache.m */ = {isa = PBXFileReference; fileEncoding = 4; lastKnownFileType = sourcecode.c.objc; path = "UIImageView+HighlightedWebCache.m"; sourceTree = "<group>"; };
		5C12F7981CF9908E00309F7A /* UIImageView+WebCache.h */ = {isa = PBXFileReference; fileEncoding = 4; lastKnownFileType = sourcecode.c.h; path = "UIImageView+WebCache.h"; sourceTree = "<group>"; };
		5C12F7991CF9908E00309F7A /* UIImageView+WebCache.m */ = {isa = PBXFileReference; fileEncoding = 4; lastKnownFileType = sourcecode.c.objc; path = "UIImageView+WebCache.m"; sourceTree = "<group>"; };
		5C12F79A1CF9908E00309F7A /* UIView+WebCacheOperation.h */ = {isa = PBXFileReference; fileEncoding = 4; lastKnownFileType = sourcecode.c.h; path = "UIView+WebCacheOperation.h"; sourceTree = "<group>"; };
		5C12F79B1CF9908E00309F7A /* UIView+WebCacheOperation.m */ = {isa = PBXFileReference; fileEncoding = 4; lastKnownFileType = sourcecode.c.objc; path = "UIView+WebCacheOperation.m"; sourceTree = "<group>"; };
		5C34EC2F1CBFBA5200B53D1C /* SendMessage.app */ = {isa = PBXFileReference; explicitFileType = wrapper.application; includeInIndex = 0; path = SendMessage.app; sourceTree = BUILT_PRODUCTS_DIR; };
		5C34EC331CBFBA5200B53D1C /* main.m */ = {isa = PBXFileReference; lastKnownFileType = sourcecode.c.objc; path = main.m; sourceTree = "<group>"; };
		5C34EC351CBFBA5200B53D1C /* AppDelegate.h */ = {isa = PBXFileReference; lastKnownFileType = sourcecode.c.h; path = AppDelegate.h; sourceTree = "<group>"; };
		5C34EC361CBFBA5200B53D1C /* AppDelegate.m */ = {isa = PBXFileReference; lastKnownFileType = sourcecode.c.objc; path = AppDelegate.m; sourceTree = "<group>"; };
		5C34EC381CBFBA5200B53D1C /* ViewController.h */ = {isa = PBXFileReference; lastKnownFileType = sourcecode.c.h; path = ViewController.h; sourceTree = "<group>"; };
		5C34EC391CBFBA5200B53D1C /* ViewController.m */ = {isa = PBXFileReference; lastKnownFileType = sourcecode.c.objc; path = ViewController.m; sourceTree = "<group>"; };
		5C34EC3C1CBFBA5200B53D1C /* Base */ = {isa = PBXFileReference; lastKnownFileType = file.storyboard; name = Base; path = Base.lproj/Main.storyboard; sourceTree = "<group>"; };
		5C34EC3E1CBFBA5200B53D1C /* Assets.xcassets */ = {isa = PBXFileReference; lastKnownFileType = folder.assetcatalog; path = Assets.xcassets; sourceTree = "<group>"; };
		5C34EC411CBFBA5200B53D1C /* Base */ = {isa = PBXFileReference; lastKnownFileType = file.storyboard; name = Base; path = Base.lproj/LaunchScreen.storyboard; sourceTree = "<group>"; };
		5C34EC431CBFBA5200B53D1C /* Info.plist */ = {isa = PBXFileReference; lastKnownFileType = text.plist.xml; path = Info.plist; sourceTree = "<group>"; };
		5C5058BC1CC20133003A2B58 /* SPSetViewController.h */ = {isa = PBXFileReference; fileEncoding = 4; lastKnownFileType = sourcecode.c.h; path = SPSetViewController.h; sourceTree = "<group>"; };
		5C5058BD1CC20133003A2B58 /* SPSetViewController.m */ = {isa = PBXFileReference; fileEncoding = 4; lastKnownFileType = sourcecode.c.objc; path = SPSetViewController.m; sourceTree = "<group>"; };
		5C5058BE1CC20133003A2B58 /* SPSetViewController.xib */ = {isa = PBXFileReference; fileEncoding = 4; lastKnownFileType = file.xib; path = SPSetViewController.xib; sourceTree = "<group>"; };
		71ABE51C1CD6D36E00808AFF /* FSMSGCell.h */ = {isa = PBXFileReference; fileEncoding = 4; lastKnownFileType = sourcecode.c.h; path = FSMSGCell.h; sourceTree = "<group>"; };
		71ABE51D1CD6D36E00808AFF /* FSMSGCell.m */ = {isa = PBXFileReference; fileEncoding = 4; lastKnownFileType = sourcecode.c.objc; path = FSMSGCell.m; sourceTree = "<group>"; };
		71ABE51E1CD6D36E00808AFF /* FSMSGCell.xib */ = {isa = PBXFileReference; fileEncoding = 4; lastKnownFileType = file.xib; path = FSMSGCell.xib; sourceTree = "<group>"; };
/* End PBXFileReference section */

/* Begin PBXFrameworksBuildPhase section */
		5C34EC2C1CBFBA5200B53D1C /* Frameworks */ = {
			isa = PBXFrameworksBuildPhase;
			buildActionMask = 2147483647;
			files = (
			);
			runOnlyForDeploymentPostprocessing = 0;
		};
/* End PBXFrameworksBuildPhase section */

/* Begin PBXGroup section */
		5C12F7181CF9906500309F7A /* FuSoft */ = {
			isa = PBXGroup;
			children = (
				5C12F7191CF9906500309F7A /* 3rd */,
				5C12F73E1CF9906500309F7A /* FIWebView.h */,
				5C12F73F1CF9906500309F7A /* FIWebView.m */,
				5C12F7401CF9906500309F7A /* FSBase */,
				5C12F7531CF9906500309F7A /* FSMacro.h */,
				5C12F7541CF9906500309F7A /* FSWebUrl.h */,
				5C12F7551CF9906500309F7A /* FuData.h */,
				5C12F7561CF9906500309F7A /* FuData.m */,
				5C12F7571CF9906500309F7A /* FuSing.h */,
				5C12F7581CF9906500309F7A /* FuSing.m */,
				5C12F7591CF9906500309F7A /* FuSoft.h */,
				5C12F75A1CF9906500309F7A /* FuWeb.h */,
				5C12F75B1CF9906500309F7A /* FuWeb.m */,
				5C12F75C1CF9906500309F7A /* Note.txt */,
				5C12F75D1CF9906500309F7A /* README.md */,
			);
			name = FuSoft;
			path = ../../FuSoft;
			sourceTree = "<group>";
		};
		5C12F7191CF9906500309F7A /* 3rd */ = {
			isa = PBXGroup;
			children = (
				5C12F71A1CF9906500309F7A /* BaseModel */,
				5C12F71D1CF9906500309F7A /* GTMBase64 */,
				5C12F7211CF9906500309F7A /* Masonry */,
				5C12F73B1CF9906500309F7A /* UIViewExt */,
			);
			path = 3rd;
			sourceTree = "<group>";
		};
		5C12F71A1CF9906500309F7A /* BaseModel */ = {
			isa = PBXGroup;
			children = (
				5C12F71B1CF9906500309F7A /* FIBaseEntity.h */,
				5C12F71C1CF9906500309F7A /* FIBaseEntity.m */,
			);
			path = BaseModel;
			sourceTree = "<group>";
		};
		5C12F71D1CF9906500309F7A /* GTMBase64 */ = {
			isa = PBXGroup;
			children = (
				5C12F71E1CF9906500309F7A /* GTMBase64.h */,
				5C12F71F1CF9906500309F7A /* GTMBase64.m */,
				5C12F7201CF9906500309F7A /* GTMDefines.h */,
			);
			path = GTMBase64;
			sourceTree = "<group>";
		};
		5C12F7211CF9906500309F7A /* Masonry */ = {
			isa = PBXGroup;
			children = (
				5C12F7221CF9906500309F7A /* MASCompositeConstraint.h */,
				5C12F7231CF9906500309F7A /* MASCompositeConstraint.m */,
				5C12F7241CF9906500309F7A /* MASConstraint+Private.h */,
				5C12F7251CF9906500309F7A /* MASConstraint.h */,
				5C12F7261CF9906500309F7A /* MASConstraint.m */,
				5C12F7271CF9906500309F7A /* MASConstraintMaker.h */,
				5C12F7281CF9906500309F7A /* MASConstraintMaker.m */,
				5C12F7291CF9906500309F7A /* MASLayoutConstraint.h */,
				5C12F72A1CF9906500309F7A /* MASLayoutConstraint.m */,
				5C12F72B1CF9906500309F7A /* Masonry.h */,
				5C12F72C1CF9906500309F7A /* MASUtilities.h */,
				5C12F72D1CF9906500309F7A /* MASViewAttribute.h */,
				5C12F72E1CF9906500309F7A /* MASViewAttribute.m */,
				5C12F72F1CF9906500309F7A /* MASViewConstraint.h */,
				5C12F7301CF9906500309F7A /* MASViewConstraint.m */,
				5C12F7311CF9906500309F7A /* NSArray+MASAdditions.h */,
				5C12F7321CF9906500309F7A /* NSArray+MASAdditions.m */,
				5C12F7331CF9906500309F7A /* NSArray+MASShorthandAdditions.h */,
				5C12F7341CF9906500309F7A /* NSLayoutConstraint+MASDebugAdditions.h */,
				5C12F7351CF9906500309F7A /* NSLayoutConstraint+MASDebugAdditions.m */,
				5C12F7361CF9906500309F7A /* View+MASAdditions.h */,
				5C12F7371CF9906500309F7A /* View+MASAdditions.m */,
				5C12F7381CF9906500309F7A /* View+MASShorthandAdditions.h */,
				5C12F7391CF9906500309F7A /* ViewController+MASAdditions.h */,
				5C12F73A1CF9906500309F7A /* ViewController+MASAdditions.m */,
			);
			path = Masonry;
			sourceTree = "<group>";
		};
		5C12F73B1CF9906500309F7A /* UIViewExt */ = {
			isa = PBXGroup;
			children = (
				5C12F73C1CF9906500309F7A /* UIViewExt.h */,
				5C12F73D1CF9906500309F7A /* UIViewExt.m */,
			);
			path = UIViewExt;
			sourceTree = "<group>";
		};
		5C12F7401CF9906500309F7A /* FSBase */ = {
			isa = PBXGroup;
			children = (
				5C12F7411CF9906500309F7A /* FSBaseController.h */,
				5C12F7421CF9906500309F7A /* FSBaseController.m */,
				5C12F7431CF9906500309F7A /* FSBaseView.h */,
				5C12F7441CF9906500309F7A /* FSBaseView.m */,
				5C12F7451CF9906500309F7A /* FSHardwareInfoController.h */,
				5C12F7461CF9906500309F7A /* FSHardwareInfoController.m */,
				5C12F7471CF9906500309F7A /* FSImageLabelView.h */,
				5C12F7481CF9906500309F7A /* FSImageLabelView.m */,
				5C12F7491CF9906500309F7A /* FSNavigationController.h */,
				5C12F74A1CF9906500309F7A /* FSNavigationController.m */,
				5C12F74B1CF9906500309F7A /* FSQRController.h */,
				5C12F74C1CF9906500309F7A /* FSQRController.m */,
				5C12F74D1CF9906500309F7A /* FSViewManager.h */,
				5C12F74E1CF9906500309F7A /* FSViewManager.m */,
				5C12F74F1CF9906500309F7A /* FSWebController.h */,
				5C12F7501CF9906500309F7A /* FSWebController.m */,
				5C12F7511CF9906500309F7A /* FSWebImageView.h */,
				5C12F7521CF9906500309F7A /* FSWebImageView.m */,
			);
			path = FSBase;
			sourceTree = "<group>";
		};
		5C12F77A1CF9908E00309F7A /* SDWebImage */ = {
			isa = PBXGroup;
			children = (
				5C12F77B1CF9908E00309F7A /* MKAnnotationView+WebCache.h */,
				5C12F77C1CF9908E00309F7A /* MKAnnotationView+WebCache.m */,
				5C12F77D1CF9908E00309F7A /* NSData+ImageContentType.h */,
				5C12F77E1CF9908E00309F7A /* NSData+ImageContentType.m */,
				5C12F77F1CF9908E00309F7A /* SDImageCache.h */,
				5C12F7801CF9908E00309F7A /* SDImageCache.m */,
				5C12F7811CF9908E00309F7A /* SDWebImageCompat.h */,
				5C12F7821CF9908E00309F7A /* SDWebImageCompat.m */,
				5C12F7831CF9908E00309F7A /* SDWebImageDecoder.h */,
				5C12F7841CF9908E00309F7A /* SDWebImageDecoder.m */,
				5C12F7851CF9908E00309F7A /* SDWebImageDownloader.h */,
				5C12F7861CF9908E00309F7A /* SDWebImageDownloader.m */,
				5C12F7871CF9908E00309F7A /* SDWebImageDownloaderOperation.h */,
				5C12F7881CF9908E00309F7A /* SDWebImageDownloaderOperation.m */,
				5C12F7891CF9908E00309F7A /* SDWebImageManager.h */,
				5C12F78A1CF9908E00309F7A /* SDWebImageManager.m */,
				5C12F78B1CF9908E00309F7A /* SDWebImageOperation.h */,
				5C12F78C1CF9908E00309F7A /* SDWebImagePrefetcher.h */,
				5C12F78D1CF9908E00309F7A /* SDWebImagePrefetcher.m */,
				5C12F78E1CF9908E00309F7A /* UIButton+WebCache.h */,
				5C12F78F1CF9908E00309F7A /* UIButton+WebCache.m */,
				5C12F7901CF9908E00309F7A /* UIImage+GIF.h */,
				5C12F7911CF9908E00309F7A /* UIImage+GIF.m */,
				5C12F7921CF9908E00309F7A /* UIImage+MultiFormat.h */,
				5C12F7931CF9908E00309F7A /* UIImage+MultiFormat.m */,
				5C12F7941CF9908E00309F7A /* UIImage+WebP.h */,
				5C12F7951CF9908E00309F7A /* UIImage+WebP.m */,
				5C12F7961CF9908E00309F7A /* UIImageView+HighlightedWebCache.h */,
				5C12F7971CF9908E00309F7A /* UIImageView+HighlightedWebCache.m */,
				5C12F7981CF9908E00309F7A /* UIImageView+WebCache.h */,
				5C12F7991CF9908E00309F7A /* UIImageView+WebCache.m */,
				5C12F79A1CF9908E00309F7A /* UIView+WebCacheOperation.h */,
				5C12F79B1CF9908E00309F7A /* UIView+WebCacheOperation.m */,
			);
			name = SDWebImage;
			path = ../../Thanks/Thanks/Thanks/SDWebImage;
			sourceTree = "<group>";
		};
		5C34EC261CBFBA5100B53D1C = {
			isa = PBXGroup;
			children = (
				5C34EC311CBFBA5200B53D1C /* SendMessage */,
				5C34EC301CBFBA5200B53D1C /* Products */,
			);
			sourceTree = "<group>";
		};
		5C34EC301CBFBA5200B53D1C /* Products */ = {
			isa = PBXGroup;
			children = (
				5C34EC2F1CBFBA5200B53D1C /* SendMessage.app */,
			);
			name = Products;
			sourceTree = "<group>";
		};
		5C34EC311CBFBA5200B53D1C /* SendMessage */ = {
			isa = PBXGroup;
			children = (
				5C12F77A1CF9908E00309F7A /* SDWebImage */,
				5C12F7181CF9906500309F7A /* FuSoft */,
				5C34EC351CBFBA5200B53D1C /* AppDelegate.h */,
				5C34EC361CBFBA5200B53D1C /* AppDelegate.m */,
				5C34EC381CBFBA5200B53D1C /* ViewController.h */,
				5C34EC391CBFBA5200B53D1C /* ViewController.m */,
				5C34EC3B1CBFBA5200B53D1C /* Main.storyboard */,
				5C34EC3E1CBFBA5200B53D1C /* Assets.xcassets */,
				5C34EC401CBFBA5200B53D1C /* LaunchScreen.storyboard */,
				5C34EC431CBFBA5200B53D1C /* Info.plist */,
				5C34EC321CBFBA5200B53D1C /* Supporting Files */,
				5C5058BC1CC20133003A2B58 /* SPSetViewController.h */,
				5C5058BD1CC20133003A2B58 /* SPSetViewController.m */,
				5C5058BE1CC20133003A2B58 /* SPSetViewController.xib */,
				71ABE51C1CD6D36E00808AFF /* FSMSGCell.h */,
				71ABE51D1CD6D36E00808AFF /* FSMSGCell.m */,
				71ABE51E1CD6D36E00808AFF /* FSMSGCell.xib */,
			);
			path = SendMessage;
			sourceTree = "<group>";
		};
		5C34EC321CBFBA5200B53D1C /* Supporting Files */ = {
			isa = PBXGroup;
			children = (
				5C34EC331CBFBA5200B53D1C /* main.m */,
			);
			name = "Supporting Files";
			sourceTree = "<group>";
		};
/* End PBXGroup section */

/* Begin PBXNativeTarget section */
		5C34EC2E1CBFBA5200B53D1C /* SendMessage */ = {
			isa = PBXNativeTarget;
			buildConfigurationList = 5C34EC461CBFBA5200B53D1C /* Build configuration list for PBXNativeTarget "SendMessage" */;
			buildPhases = (
				5C34EC2B1CBFBA5200B53D1C /* Sources */,
				5C34EC2C1CBFBA5200B53D1C /* Frameworks */,
				5C34EC2D1CBFBA5200B53D1C /* Resources */,
			);
			buildRules = (
			);
			dependencies = (
			);
			name = SendMessage;
			productName = SendMessage;
			productReference = 5C34EC2F1CBFBA5200B53D1C /* SendMessage.app */;
			productType = "com.apple.product-type.application";
		};
/* End PBXNativeTarget section */

/* Begin PBXProject section */
		5C34EC271CBFBA5200B53D1C /* Project object */ = {
			isa = PBXProject;
			attributes = {
				LastUpgradeCheck = 0730;
				ORGANIZATIONNAME = fusu;
				TargetAttributes = {
					5C34EC2E1CBFBA5200B53D1C = {
						CreatedOnToolsVersion = 7.3;
						DevelopmentTeam = U9Y4DBL6N3;
					};
				};
			};
			buildConfigurationList = 5C34EC2A1CBFBA5200B53D1C /* Build configuration list for PBXProject "SendMessage" */;
			compatibilityVersion = "Xcode 3.2";
			developmentRegion = English;
			hasScannedForEncodings = 0;
			knownRegions = (
				en,
				Base,
			);
			mainGroup = 5C34EC261CBFBA5100B53D1C;
			productRefGroup = 5C34EC301CBFBA5200B53D1C /* Products */;
			projectDirPath = "";
			projectRoot = "";
			targets = (
				5C34EC2E1CBFBA5200B53D1C /* SendMessage */,
			);
		};
/* End PBXProject section */

/* Begin PBXResourcesBuildPhase section */
		5C34EC2D1CBFBA5200B53D1C /* Resources */ = {
			isa = PBXResourcesBuildPhase;
			buildActionMask = 2147483647;
			files = (
				71ABE5201CD6D36E00808AFF /* FSMSGCell.xib in Resources */,
				5C34EC421CBFBA5200B53D1C /* LaunchScreen.storyboard in Resources */,
				5C12F7781CF9906500309F7A /* Note.txt in Resources */,
				5C34EC3F1CBFBA5200B53D1C /* Assets.xcassets in Resources */,
				5C5058C01CC20133003A2B58 /* SPSetViewController.xib in Resources */,
				5C34EC3D1CBFBA5200B53D1C /* Main.storyboard in Resources */,
			);
			runOnlyForDeploymentPostprocessing = 0;
		};
/* End PBXResourcesBuildPhase section */

/* Begin PBXSourcesBuildPhase section */
		5C34EC2B1CBFBA5200B53D1C /* Sources */ = {
			isa = PBXSourcesBuildPhase;
			buildActionMask = 2147483647;
			files = (
				5C12F7A91CF9908E00309F7A /* UIImageView+HighlightedWebCache.m in Sources */,
				5C12F7741CF9906500309F7A /* FSWebImageView.m in Sources */,
				5C12F7661CF9906500309F7A /* NSArray+MASAdditions.m in Sources */,
				5C12F7651CF9906500309F7A /* MASViewConstraint.m in Sources */,
				5C12F7771CF9906500309F7A /* FuWeb.m in Sources */,
				71ABE51F1CD6D36E00808AFF /* FSMSGCell.m in Sources */,
				5C12F7AA1CF9908E00309F7A /* UIImageView+WebCache.m in Sources */,
				5C12F7621CF9906500309F7A /* MASConstraintMaker.m in Sources */,
				5C12F76A1CF9906500309F7A /* UIViewExt.m in Sources */,
				5C12F7A51CF9908E00309F7A /* UIButton+WebCache.m in Sources */,
				5C12F76D1CF9906500309F7A /* FSBaseView.m in Sources */,
				5C12F7731CF9906500309F7A /* FSWebController.m in Sources */,
				5C12F76C1CF9906500309F7A /* FSBaseController.m in Sources */,
				5C12F7A61CF9908E00309F7A /* UIImage+GIF.m in Sources */,
				5C12F7A41CF9908E00309F7A /* SDWebImagePrefetcher.m in Sources */,
				5C12F7681CF9906500309F7A /* View+MASAdditions.m in Sources */,
				5C12F7701CF9906500309F7A /* FSNavigationController.m in Sources */,
				5C34EC3A1CBFBA5200B53D1C /* ViewController.m in Sources */,
				5C12F79F1CF9908E00309F7A /* SDWebImageCompat.m in Sources */,
				5C12F7A11CF9908E00309F7A /* SDWebImageDownloader.m in Sources */,
				5C12F7A21CF9908E00309F7A /* SDWebImageDownloaderOperation.m in Sources */,
				5C12F7A01CF9908E00309F7A /* SDWebImageDecoder.m in Sources */,
				5C12F7A31CF9908E00309F7A /* SDWebImageManager.m in Sources */,
				5C12F76B1CF9906500309F7A /* FIWebView.m in Sources */,
				5C12F7611CF9906500309F7A /* MASConstraint.m in Sources */,
				5C34EC371CBFBA5200B53D1C /* AppDelegate.m in Sources */,
				5C12F7761CF9906500309F7A /* FuSing.m in Sources */,
				5C12F7641CF9906500309F7A /* MASViewAttribute.m in Sources */,
				5C12F7AB1CF9908E00309F7A /* UIView+WebCacheOperation.m in Sources */,
				5C12F7671CF9906500309F7A /* NSLayoutConstraint+MASDebugAdditions.m in Sources */,
				5C5058BF1CC20133003A2B58 /* SPSetViewController.m in Sources */,
				5C12F7601CF9906500309F7A /* MASCompositeConstraint.m in Sources */,
				5C12F7721CF9906500309F7A /* FSViewManager.m in Sources */,
				5C12F7791CF9906500309F7A /* README.md in Sources */,
				5C12F79C1CF9908E00309F7A /* MKAnnotationView+WebCache.m in Sources */,
				5C12F7A71CF9908E00309F7A /* UIImage+MultiFormat.m in Sources */,
				5C12F76E1CF9906500309F7A /* FSHardwareInfoController.m in Sources */,
				5C12F7751CF9906500309F7A /* FuData.m in Sources */,
				5C12F79D1CF9908E00309F7A /* NSData+ImageContentType.m in Sources */,
				5C12F7631CF9906500309F7A /* MASLayoutConstraint.m in Sources */,
				5C12F7A81CF9908E00309F7A /* UIImage+WebP.m in Sources */,
				5C12F75E1CF9906500309F7A /* FIBaseEntity.m in Sources */,
				5C12F76F1CF9906500309F7A /* FSImageLabelView.m in Sources */,
				5C34EC341CBFBA5200B53D1C /* main.m in Sources */,
				5C12F7711CF9906500309F7A /* FSQRController.m in Sources */,
				5C12F7691CF9906500309F7A /* ViewController+MASAdditions.m in Sources */,
				5C12F75F1CF9906500309F7A /* GTMBase64.m in Sources */,
				5C12F79E1CF9908E00309F7A /* SDImageCache.m in Sources */,
			);
			runOnlyForDeploymentPostprocessing = 0;
		};
/* End PBXSourcesBuildPhase section */

/* Begin PBXVariantGroup section */
		5C34EC3B1CBFBA5200B53D1C /* Main.storyboard */ = {
			isa = PBXVariantGroup;
			children = (
				5C34EC3C1CBFBA5200B53D1C /* Base */,
			);
			name = Main.storyboard;
			sourceTree = "<group>";
		};
		5C34EC401CBFBA5200B53D1C /* LaunchScreen.storyboard */ = {
			isa = PBXVariantGroup;
			children = (
				5C34EC411CBFBA5200B53D1C /* Base */,
			);
			name = LaunchScreen.storyboard;
			sourceTree = "<group>";
		};
/* End PBXVariantGroup section */

/* Begin XCBuildConfiguration section */
		5C34EC441CBFBA5200B53D1C /* Debug */ = {
			isa = XCBuildConfiguration;
			buildSettings = {
				ALWAYS_SEARCH_USER_PATHS = NO;
				CLANG_ANALYZER_NONNULL = YES;
				CLANG_CXX_LANGUAGE_STANDARD = "gnu++0x";
				CLANG_CXX_LIBRARY = "libc++";
				CLANG_ENABLE_MODULES = YES;
				CLANG_ENABLE_OBJC_ARC = YES;
				CLANG_WARN_BOOL_CONVERSION = YES;
				CLANG_WARN_CONSTANT_CONVERSION = YES;
				CLANG_WARN_DIRECT_OBJC_ISA_USAGE = YES_ERROR;
				CLANG_WARN_EMPTY_BODY = YES;
				CLANG_WARN_ENUM_CONVERSION = YES;
				CLANG_WARN_INT_CONVERSION = YES;
				CLANG_WARN_OBJC_ROOT_CLASS = YES_ERROR;
				CLANG_WARN_UNREACHABLE_CODE = YES;
				CLANG_WARN__DUPLICATE_METHOD_MATCH = YES;
				"CODE_SIGN_IDENTITY[sdk=iphoneos*]" = "iPhone Developer";
				COPY_PHASE_STRIP = NO;
				DEBUG_INFORMATION_FORMAT = dwarf;
				ENABLE_STRICT_OBJC_MSGSEND = YES;
				ENABLE_TESTABILITY = YES;
				GCC_C_LANGUAGE_STANDARD = gnu99;
				GCC_DYNAMIC_NO_PIC = NO;
				GCC_NO_COMMON_BLOCKS = YES;
				GCC_OPTIMIZATION_LEVEL = 0;
				GCC_PREPROCESSOR_DEFINITIONS = (
					"DEBUG=1",
					"$(inherited)",
				);
				GCC_WARN_64_TO_32_BIT_CONVERSION = YES;
				GCC_WARN_ABOUT_RETURN_TYPE = YES_ERROR;
				GCC_WARN_UNDECLARED_SELECTOR = YES;
				GCC_WARN_UNINITIALIZED_AUTOS = YES_AGGRESSIVE;
				GCC_WARN_UNUSED_FUNCTION = YES;
				GCC_WARN_UNUSED_VARIABLE = YES;
				IPHONEOS_DEPLOYMENT_TARGET = 9.3;
				MTL_ENABLE_DEBUG_INFO = YES;
				ONLY_ACTIVE_ARCH = YES;
				SDKROOT = iphoneos;
			};
			name = Debug;
		};
		5C34EC451CBFBA5200B53D1C /* Release */ = {
			isa = XCBuildConfiguration;
			buildSettings = {
				ALWAYS_SEARCH_USER_PATHS = NO;
				CLANG_ANALYZER_NONNULL = YES;
				CLANG_CXX_LANGUAGE_STANDARD = "gnu++0x";
				CLANG_CXX_LIBRARY = "libc++";
				CLANG_ENABLE_MODULES = YES;
				CLANG_ENABLE_OBJC_ARC = YES;
				CLANG_WARN_BOOL_CONVERSION = YES;
				CLANG_WARN_CONSTANT_CONVERSION = YES;
				CLANG_WARN_DIRECT_OBJC_ISA_USAGE = YES_ERROR;
				CLANG_WARN_EMPTY_BODY = YES;
				CLANG_WARN_ENUM_CONVERSION = YES;
				CLANG_WARN_INT_CONVERSION = YES;
				CLANG_WARN_OBJC_ROOT_CLASS = YES_ERROR;
				CLANG_WARN_UNREACHABLE_CODE = YES;
				CLANG_WARN__DUPLICATE_METHOD_MATCH = YES;
				"CODE_SIGN_IDENTITY[sdk=iphoneos*]" = "iPhone Developer";
				COPY_PHASE_STRIP = NO;
				DEBUG_INFORMATION_FORMAT = "dwarf-with-dsym";
				ENABLE_NS_ASSERTIONS = NO;
				ENABLE_STRICT_OBJC_MSGSEND = YES;
				GCC_C_LANGUAGE_STANDARD = gnu99;
				GCC_NO_COMMON_BLOCKS = YES;
				GCC_WARN_64_TO_32_BIT_CONVERSION = YES;
				GCC_WARN_ABOUT_RETURN_TYPE = YES_ERROR;
				GCC_WARN_UNDECLARED_SELECTOR = YES;
				GCC_WARN_UNINITIALIZED_AUTOS = YES_AGGRESSIVE;
				GCC_WARN_UNUSED_FUNCTION = YES;
				GCC_WARN_UNUSED_VARIABLE = YES;
				IPHONEOS_DEPLOYMENT_TARGET = 9.3;
				MTL_ENABLE_DEBUG_INFO = NO;
				SDKROOT = iphoneos;
				VALIDATE_PRODUCT = YES;
			};
			name = Release;
		};
		5C34EC471CBFBA5200B53D1C /* Debug */ = {
			isa = XCBuildConfiguration;
			buildSettings = {
				ASSETCATALOG_COMPILER_APPICON_NAME = AppIcon;
				CODE_SIGN_IDENTITY = "iPhone Developer";
				"CODE_SIGN_IDENTITY[sdk=iphoneos*]" = "iPhone Developer";
				INFOPLIST_FILE = SendMessage/Info.plist;
				IPHONEOS_DEPLOYMENT_TARGET = 8.0;
				LD_RUNPATH_SEARCH_PATHS = "$(inherited) @executable_path/Frameworks";
				PRODUCT_BUNDLE_IDENTIFIER = firstShare.SendMessage;
				PRODUCT_NAME = "$(TARGET_NAME)";
				PROVISIONING_PROFILE = "";
			};
			name = Debug;
		};
		5C34EC481CBFBA5200B53D1C /* Release */ = {
			isa = XCBuildConfiguration;
			buildSettings = {
				ASSETCATALOG_COMPILER_APPICON_NAME = AppIcon;
				CODE_SIGN_IDENTITY = "iPhone Developer";
				"CODE_SIGN_IDENTITY[sdk=iphoneos*]" = "iPhone Developer";
				INFOPLIST_FILE = SendMessage/Info.plist;
				IPHONEOS_DEPLOYMENT_TARGET = 8.0;
				LD_RUNPATH_SEARCH_PATHS = "$(inherited) @executable_path/Frameworks";
				PRODUCT_BUNDLE_IDENTIFIER = firstShare.SendMessage;
				PRODUCT_NAME = "$(TARGET_NAME)";
				PROVISIONING_PROFILE = "";
			};
			name = Release;
		};
/* End XCBuildConfiguration section */

/* Begin XCConfigurationList section */
		5C34EC2A1CBFBA5200B53D1C /* Build configuration list for PBXProject "SendMessage" */ = {
			isa = XCConfigurationList;
			buildConfigurations = (
				5C34EC441CBFBA5200B53D1C /* Debug */,
				5C34EC451CBFBA5200B53D1C /* Release */,
			);
			defaultConfigurationIsVisible = 0;
			defaultConfigurationName = Release;
		};
		5C34EC461CBFBA5200B53D1C /* Build configuration list for PBXNativeTarget "SendMessage" */ = {
			isa = XCConfigurationList;
			buildConfigurations = (
				5C34EC471CBFBA5200B53D1C /* Debug */,
				5C34EC481CBFBA5200B53D1C /* Release */,
			);
			defaultConfigurationIsVisible = 0;
			defaultConfigurationName = Release;
		};
/* End XCConfigurationList section */
	};
	rootObject = 5C34EC271CBFBA5200B53D1C /* Project object */;
}
