// !$*UTF8*$!
{
	archiveVersion = 1;
	classes = {
	};
	objectVersion = 46;
	objects = {

/* Begin PBXBuildFile section */
		5C34EC341CBFBA5200B53D1C /* main.m in Sources */ = {isa = PBXBuildFile; fileRef = 5C34EC331CBFBA5200B53D1C /* main.m */; };
		5C34EC371CBFBA5200B53D1C /* AppDelegate.m in Sources */ = {isa = PBXBuildFile; fileRef = 5C34EC361CBFBA5200B53D1C /* AppDelegate.m */; };
		5C34EC3A1CBFBA5200B53D1C /* ViewController.m in Sources */ = {isa = PBXBuildFile; fileRef = 5C34EC391CBFBA5200B53D1C /* ViewController.m */; };
		5C34EC3D1CBFBA5200B53D1C /* Main.storyboard in Resources */ = {isa = PBXBuildFile; fileRef = 5C34EC3B1CBFBA5200B53D1C /* Main.storyboard */; };
		5C34EC3F1CBFBA5200B53D1C /* Assets.xcassets in Resources */ = {isa = PBXBuildFile; fileRef = 5C34EC3E1CBFBA5200B53D1C /* Assets.xcassets */; };
		5C34EC421CBFBA5200B53D1C /* LaunchScreen.storyboard in Resources */ = {isa = PBXBuildFile; fileRef = 5C34EC401CBFBA5200B53D1C /* LaunchScreen.storyboard */; };
		5C5058BF1CC20133003A2B58 /* SPSetViewController.m in Sources */ = {isa = PBXBuildFile; fileRef = 5C5058BD1CC20133003A2B58 /* SPSetViewController.m */; };
		5C5058C01CC20133003A2B58 /* SPSetViewController.xib in Resources */ = {isa = PBXBuildFile; fileRef = 5C5058BE1CC20133003A2B58 /* SPSetViewController.xib */; };
		71ABE4ED1CD5B6A000808AFF /* FIBaseEntity.m in Sources */ = {isa = PBXBuildFile; fileRef = 71ABE4C11CD5B6A000808AFF /* FIBaseEntity.m */; };
		71ABE4EE1CD5B6A000808AFF /* GTMBase64.m in Sources */ = {isa = PBXBuildFile; fileRef = 71ABE4C41CD5B6A000808AFF /* GTMBase64.m */; };
		71ABE4EF1CD5B6A000808AFF /* MASCompositeConstraint.m in Sources */ = {isa = PBXBuildFile; fileRef = 71ABE4C81CD5B6A000808AFF /* MASCompositeConstraint.m */; };
		71ABE4F01CD5B6A000808AFF /* MASConstraint.m in Sources */ = {isa = PBXBuildFile; fileRef = 71ABE4CB1CD5B6A000808AFF /* MASConstraint.m */; };
		71ABE4F11CD5B6A000808AFF /* MASConstraintMaker.m in Sources */ = {isa = PBXBuildFile; fileRef = 71ABE4CD1CD5B6A000808AFF /* MASConstraintMaker.m */; };
		71ABE4F21CD5B6A000808AFF /* MASLayoutConstraint.m in Sources */ = {isa = PBXBuildFile; fileRef = 71ABE4CF1CD5B6A000808AFF /* MASLayoutConstraint.m */; };
		71ABE4F31CD5B6A000808AFF /* MASViewAttribute.m in Sources */ = {isa = PBXBuildFile; fileRef = 71ABE4D31CD5B6A000808AFF /* MASViewAttribute.m */; };
		71ABE4F41CD5B6A000808AFF /* MASViewConstraint.m in Sources */ = {isa = PBXBuildFile; fileRef = 71ABE4D51CD5B6A000808AFF /* MASViewConstraint.m */; };
		71ABE4F51CD5B6A000808AFF /* NSArray+MASAdditions.m in Sources */ = {isa = PBXBuildFile; fileRef = 71ABE4D71CD5B6A000808AFF /* NSArray+MASAdditions.m */; };
		71ABE4F61CD5B6A000808AFF /* NSLayoutConstraint+MASDebugAdditions.m in Sources */ = {isa = PBXBuildFile; fileRef = 71ABE4DA1CD5B6A000808AFF /* NSLayoutConstraint+MASDebugAdditions.m */; };
		71ABE4F71CD5B6A000808AFF /* View+MASAdditions.m in Sources */ = {isa = PBXBuildFile; fileRef = 71ABE4DC1CD5B6A000808AFF /* View+MASAdditions.m */; };
		71ABE4F81CD5B6A000808AFF /* ViewController+MASAdditions.m in Sources */ = {isa = PBXBuildFile; fileRef = 71ABE4DF1CD5B6A000808AFF /* ViewController+MASAdditions.m */; };
		71ABE4F91CD5B6A000808AFF /* UIViewExt.m in Sources */ = {isa = PBXBuildFile; fileRef = 71ABE4E21CD5B6A000808AFF /* UIViewExt.m */; };
		71ABE4FA1CD5B6A000808AFF /* FIWebView.m in Sources */ = {isa = PBXBuildFile; fileRef = 71ABE4E41CD5B6A000808AFF /* FIWebView.m */; };
		71ABE4FB1CD5B6A000808AFF /* FuData.m in Sources */ = {isa = PBXBuildFile; fileRef = 71ABE4E61CD5B6A000808AFF /* FuData.m */; };
		71ABE4FC1CD5B6A000808AFF /* FuSing.m in Sources */ = {isa = PBXBuildFile; fileRef = 71ABE4E91CD5B6A000808AFF /* FuSing.m */; };
		71ABE4FD1CD5B6A000808AFF /* FuWeb.m in Sources */ = {isa = PBXBuildFile; fileRef = 71ABE4EB1CD5B6A000808AFF /* FuWeb.m */; };
		71ABE4FE1CD5B6A000808AFF /* Note.txt in Resources */ = {isa = PBXBuildFile; fileRef = 71ABE4EC1CD5B6A000808AFF /* Note.txt */; };
		71ABE5191CD5F03A00808AFF /* FSBaseController.m in Sources */ = {isa = PBXBuildFile; fileRef = 71ABE5121CD5F03A00808AFF /* FSBaseController.m */; };
		71ABE51A1CD5F03A00808AFF /* FSNavigationController.m in Sources */ = {isa = PBXBuildFile; fileRef = 71ABE5141CD5F03A00808AFF /* FSNavigationController.m */; };
		71ABE51B1CD5F03A00808AFF /* FSViewManager.m in Sources */ = {isa = PBXBuildFile; fileRef = 71ABE5161CD5F03A00808AFF /* FSViewManager.m */; };
		71ABE51F1CD6D36E00808AFF /* FSMSGCell.m in Sources */ = {isa = PBXBuildFile; fileRef = 71ABE51D1CD6D36E00808AFF /* FSMSGCell.m */; };
		71ABE5201CD6D36E00808AFF /* FSMSGCell.xib in Resources */ = {isa = PBXBuildFile; fileRef = 71ABE51E1CD6D36E00808AFF /* FSMSGCell.xib */; };
/* End PBXBuildFile section */

/* Begin PBXFileReference section */
		5C34EC2F1CBFBA5200B53D1C /* SendMessage.app */ = {isa = PBXFileReference; explicitFileType = wrapper.application; includeInIndex = 0; path = SendMessage.app; sourceTree = BUILT_PRODUCTS_DIR; };
		5C34EC331CBFBA5200B53D1C /* main.m */ = {isa = PBXFileReference; lastKnownFileType = sourcecode.c.objc; path = main.m; sourceTree = "<group>"; };
		5C34EC351CBFBA5200B53D1C /* AppDelegate.h */ = {isa = PBXFileReference; lastKnownFileType = sourcecode.c.h; path = AppDelegate.h; sourceTree = "<group>"; };
		5C34EC361CBFBA5200B53D1C /* AppDelegate.m */ = {isa = PBXFileReference; lastKnownFileType = sourcecode.c.objc; path = AppDelegate.m; sourceTree = "<group>"; };
		5C34EC381CBFBA5200B53D1C /* ViewController.h */ = {isa = PBXFileReference; lastKnownFileType = sourcecode.c.h; path = ViewController.h; sourceTree = "<group>"; };
		5C34EC391CBFBA5200B53D1C /* ViewController.m */ = {isa = PBXFileReference; lastKnownFileType = sourcecode.c.objc; path = ViewController.m; sourceTree = "<group>"; };
		5C34EC3C1CBFBA5200B53D1C /* Base */ = {isa = PBXFileReference; lastKnownFileType = file.storyboard; name = Base; path = Base.lproj/Main.storyboard; sourceTree = "<group>"; };
		5C34EC3E1CBFBA5200B53D1C /* Assets.xcassets */ = {isa = PBXFileReference; lastKnownFileType = folder.assetcatalog; path = Assets.xcassets; sourceTree = "<group>"; };
		5C34EC411CBFBA5200B53D1C /* Base */ = {isa = PBXFileReference; lastKnownFileType = file.storyboard; name = Base; path = Base.lproj/LaunchScreen.storyboard; sourceTree = "<group>"; };
		5C34EC431CBFBA5200B53D1C /* Info.plist */ = {isa = PBXFileReference; lastKnownFileType = text.plist.xml; path = Info.plist; sourceTree = "<group>"; };
		5C5058BC1CC20133003A2B58 /* SPSetViewController.h */ = {isa = PBXFileReference; fileEncoding = 4; lastKnownFileType = sourcecode.c.h; path = SPSetViewController.h; sourceTree = "<group>"; };
		5C5058BD1CC20133003A2B58 /* SPSetViewController.m */ = {isa = PBXFileReference; fileEncoding = 4; lastKnownFileType = sourcecode.c.objc; path = SPSetViewController.m; sourceTree = "<group>"; };
		5C5058BE1CC20133003A2B58 /* SPSetViewController.xib */ = {isa = PBXFileReference; fileEncoding = 4; lastKnownFileType = file.xib; path = SPSetViewController.xib; sourceTree = "<group>"; };
		71ABE4C01CD5B6A000808AFF /* FIBaseEntity.h */ = {isa = PBXFileReference; fileEncoding = 4; lastKnownFileType = sourcecode.c.h; path = FIBaseEntity.h; sourceTree = "<group>"; };
		71ABE4C11CD5B6A000808AFF /* FIBaseEntity.m */ = {isa = PBXFileReference; fileEncoding = 4; lastKnownFileType = sourcecode.c.objc; path = FIBaseEntity.m; sourceTree = "<group>"; };
		71ABE4C31CD5B6A000808AFF /* GTMBase64.h */ = {isa = PBXFileReference; fileEncoding = 4; lastKnownFileType = sourcecode.c.h; path = GTMBase64.h; sourceTree = "<group>"; };
		71ABE4C41CD5B6A000808AFF /* GTMBase64.m */ = {isa = PBXFileReference; fileEncoding = 4; lastKnownFileType = sourcecode.c.objc; path = GTMBase64.m; sourceTree = "<group>"; };
		71ABE4C51CD5B6A000808AFF /* GTMDefines.h */ = {isa = PBXFileReference; fileEncoding = 4; lastKnownFileType = sourcecode.c.h; path = GTMDefines.h; sourceTree = "<group>"; };
		71ABE4C71CD5B6A000808AFF /* MASCompositeConstraint.h */ = {isa = PBXFileReference; fileEncoding = 4; lastKnownFileType = sourcecode.c.h; path = MASCompositeConstraint.h; sourceTree = "<group>"; };
		71ABE4C81CD5B6A000808AFF /* MASCompositeConstraint.m */ = {isa = PBXFileReference; fileEncoding = 4; lastKnownFileType = sourcecode.c.objc; path = MASCompositeConstraint.m; sourceTree = "<group>"; };
		71ABE4C91CD5B6A000808AFF /* MASConstraint+Private.h */ = {isa = PBXFileReference; fileEncoding = 4; lastKnownFileType = sourcecode.c.h; path = "MASConstraint+Private.h"; sourceTree = "<group>"; };
		71ABE4CA1CD5B6A000808AFF /* MASConstraint.h */ = {isa = PBXFileReference; fileEncoding = 4; lastKnownFileType = sourcecode.c.h; path = MASConstraint.h; sourceTree = "<group>"; };
		71ABE4CB1CD5B6A000808AFF /* MASConstraint.m */ = {isa = PBXFileReference; fileEncoding = 4; lastKnownFileType = sourcecode.c.objc; path = MASConstraint.m; sourceTree = "<group>"; };
		71ABE4CC1CD5B6A000808AFF /* MASConstraintMaker.h */ = {isa = PBXFileReference; fileEncoding = 4; lastKnownFileType = sourcecode.c.h; path = MASConstraintMaker.h; sourceTree = "<group>"; };
		71ABE4CD1CD5B6A000808AFF /* MASConstraintMaker.m */ = {isa = PBXFileReference; fileEncoding = 4; lastKnownFileType = sourcecode.c.objc; path = MASConstraintMaker.m; sourceTree = "<group>"; };
		71ABE4CE1CD5B6A000808AFF /* MASLayoutConstraint.h */ = {isa = PBXFileReference; fileEncoding = 4; lastKnownFileType = sourcecode.c.h; path = MASLayoutConstraint.h; sourceTree = "<group>"; };
		71ABE4CF1CD5B6A000808AFF /* MASLayoutConstraint.m */ = {isa = PBXFileReference; fileEncoding = 4; lastKnownFileType = sourcecode.c.objc; path = MASLayoutConstraint.m; sourceTree = "<group>"; };
		71ABE4D01CD5B6A000808AFF /* Masonry.h */ = {isa = PBXFileReference; fileEncoding = 4; lastKnownFileType = sourcecode.c.h; path = Masonry.h; sourceTree = "<group>"; };
		71ABE4D11CD5B6A000808AFF /* MASUtilities.h */ = {isa = PBXFileReference; fileEncoding = 4; lastKnownFileType = sourcecode.c.h; path = MASUtilities.h; sourceTree = "<group>"; };
		71ABE4D21CD5B6A000808AFF /* MASViewAttribute.h */ = {isa = PBXFileReference; fileEncoding = 4; lastKnownFileType = sourcecode.c.h; path = MASViewAttribute.h; sourceTree = "<group>"; };
		71ABE4D31CD5B6A000808AFF /* MASViewAttribute.m */ = {isa = PBXFileReference; fileEncoding = 4; lastKnownFileType = sourcecode.c.objc; path = MASViewAttribute.m; sourceTree = "<group>"; };
		71ABE4D41CD5B6A000808AFF /* MASViewConstraint.h */ = {isa = PBXFileReference; fileEncoding = 4; lastKnownFileType = sourcecode.c.h; path = MASViewConstraint.h; sourceTree = "<group>"; };
		71ABE4D51CD5B6A000808AFF /* MASViewConstraint.m */ = {isa = PBXFileReference; fileEncoding = 4; lastKnownFileType = sourcecode.c.objc; path = MASViewConstraint.m; sourceTree = "<group>"; };
		71ABE4D61CD5B6A000808AFF /* NSArray+MASAdditions.h */ = {isa = PBXFileReference; fileEncoding = 4; lastKnownFileType = sourcecode.c.h; path = "NSArray+MASAdditions.h"; sourceTree = "<group>"; };
		71ABE4D71CD5B6A000808AFF /* NSArray+MASAdditions.m */ = {isa = PBXFileReference; fileEncoding = 4; lastKnownFileType = sourcecode.c.objc; path = "NSArray+MASAdditions.m"; sourceTree = "<group>"; };
		71ABE4D81CD5B6A000808AFF /* NSArray+MASShorthandAdditions.h */ = {isa = PBXFileReference; fileEncoding = 4; lastKnownFileType = sourcecode.c.h; path = "NSArray+MASShorthandAdditions.h"; sourceTree = "<group>"; };
		71ABE4D91CD5B6A000808AFF /* NSLayoutConstraint+MASDebugAdditions.h */ = {isa = PBXFileReference; fileEncoding = 4; lastKnownFileType = sourcecode.c.h; path = "NSLayoutConstraint+MASDebugAdditions.h"; sourceTree = "<group>"; };
		71ABE4DA1CD5B6A000808AFF /* NSLayoutConstraint+MASDebugAdditions.m */ = {isa = PBXFileReference; fileEncoding = 4; lastKnownFileType = sourcecode.c.objc; path = "NSLayoutConstraint+MASDebugAdditions.m"; sourceTree = "<group>"; };
		71ABE4DB1CD5B6A000808AFF /* View+MASAdditions.h */ = {isa = PBXFileReference; fileEncoding = 4; lastKnownFileType = sourcecode.c.h; path = "View+MASAdditions.h"; sourceTree = "<group>"; };
		71ABE4DC1CD5B6A000808AFF /* View+MASAdditions.m */ = {isa = PBXFileReference; fileEncoding = 4; lastKnownFileType = sourcecode.c.objc; path = "View+MASAdditions.m"; sourceTree = "<group>"; };
		71ABE4DD1CD5B6A000808AFF /* View+MASShorthandAdditions.h */ = {isa = PBXFileReference; fileEncoding = 4; lastKnownFileType = sourcecode.c.h; path = "View+MASShorthandAdditions.h"; sourceTree = "<group>"; };
		71ABE4DE1CD5B6A000808AFF /* ViewController+MASAdditions.h */ = {isa = PBXFileReference; fileEncoding = 4; lastKnownFileType = sourcecode.c.h; path = "ViewController+MASAdditions.h"; sourceTree = "<group>"; };
		71ABE4DF1CD5B6A000808AFF /* ViewController+MASAdditions.m */ = {isa = PBXFileReference; fileEncoding = 4; lastKnownFileType = sourcecode.c.objc; path = "ViewController+MASAdditions.m"; sourceTree = "<group>"; };
		71ABE4E11CD5B6A000808AFF /* UIViewExt.h */ = {isa = PBXFileReference; fileEncoding = 4; lastKnownFileType = sourcecode.c.h; path = UIViewExt.h; sourceTree = "<group>"; };
		71ABE4E21CD5B6A000808AFF /* UIViewExt.m */ = {isa = PBXFileReference; fileEncoding = 4; lastKnownFileType = sourcecode.c.objc; path = UIViewExt.m; sourceTree = "<group>"; };
		71ABE4E31CD5B6A000808AFF /* FIWebView.h */ = {isa = PBXFileReference; fileEncoding = 4; lastKnownFileType = sourcecode.c.h; path = FIWebView.h; sourceTree = "<group>"; };
		71ABE4E41CD5B6A000808AFF /* FIWebView.m */ = {isa = PBXFileReference; fileEncoding = 4; lastKnownFileType = sourcecode.c.objc; path = FIWebView.m; sourceTree = "<group>"; };
		71ABE4E51CD5B6A000808AFF /* FuData.h */ = {isa = PBXFileReference; fileEncoding = 4; lastKnownFileType = sourcecode.c.h; path = FuData.h; sourceTree = "<group>"; };
		71ABE4E61CD5B6A000808AFF /* FuData.m */ = {isa = PBXFileReference; fileEncoding = 4; lastKnownFileType = sourcecode.c.objc; path = FuData.m; sourceTree = "<group>"; };
		71ABE4E81CD5B6A000808AFF /* FuSing.h */ = {isa = PBXFileReference; fileEncoding = 4; lastKnownFileType = sourcecode.c.h; path = FuSing.h; sourceTree = "<group>"; };
		71ABE4E91CD5B6A000808AFF /* FuSing.m */ = {isa = PBXFileReference; fileEncoding = 4; lastKnownFileType = sourcecode.c.objc; path = FuSing.m; sourceTree = "<group>"; };
		71ABE4EA1CD5B6A000808AFF /* FuWeb.h */ = {isa = PBXFileReference; fileEncoding = 4; lastKnownFileType = sourcecode.c.h; path = FuWeb.h; sourceTree = "<group>"; };
		71ABE4EB1CD5B6A000808AFF /* FuWeb.m */ = {isa = PBXFileReference; fileEncoding = 4; lastKnownFileType = sourcecode.c.objc; path = FuWeb.m; sourceTree = "<group>"; };
		71ABE4EC1CD5B6A000808AFF /* Note.txt */ = {isa = PBXFileReference; fileEncoding = 4; lastKnownFileType = text; path = Note.txt; sourceTree = "<group>"; };
		71ABE5031CD5BB0A00808AFF /* FuSoft.h */ = {isa = PBXFileReference; lastKnownFileType = sourcecode.c.h; path = FuSoft.h; sourceTree = "<group>"; };
		71ABE5111CD5F03A00808AFF /* FSBaseController.h */ = {isa = PBXFileReference; fileEncoding = 4; lastKnownFileType = sourcecode.c.h; path = FSBaseController.h; sourceTree = "<group>"; };
		71ABE5121CD5F03A00808AFF /* FSBaseController.m */ = {isa = PBXFileReference; fileEncoding = 4; lastKnownFileType = sourcecode.c.objc; path = FSBaseController.m; sourceTree = "<group>"; };
		71ABE5131CD5F03A00808AFF /* FSNavigationController.h */ = {isa = PBXFileReference; fileEncoding = 4; lastKnownFileType = sourcecode.c.h; path = FSNavigationController.h; sourceTree = "<group>"; };
		71ABE5141CD5F03A00808AFF /* FSNavigationController.m */ = {isa = PBXFileReference; fileEncoding = 4; lastKnownFileType = sourcecode.c.objc; path = FSNavigationController.m; sourceTree = "<group>"; };
		71ABE5151CD5F03A00808AFF /* FSViewManager.h */ = {isa = PBXFileReference; fileEncoding = 4; lastKnownFileType = sourcecode.c.h; path = FSViewManager.h; sourceTree = "<group>"; };
		71ABE5161CD5F03A00808AFF /* FSViewManager.m */ = {isa = PBXFileReference; fileEncoding = 4; lastKnownFileType = sourcecode.c.objc; path = FSViewManager.m; sourceTree = "<group>"; };
		71ABE5171CD5F03A00808AFF /* FSMacro.h */ = {isa = PBXFileReference; fileEncoding = 4; lastKnownFileType = sourcecode.c.h; path = FSMacro.h; sourceTree = "<group>"; };
		71ABE5181CD5F03A00808AFF /* FSWebUrl.h */ = {isa = PBXFileReference; fileEncoding = 4; lastKnownFileType = sourcecode.c.h; path = FSWebUrl.h; sourceTree = "<group>"; };
		71ABE51C1CD6D36E00808AFF /* FSMSGCell.h */ = {isa = PBXFileReference; fileEncoding = 4; lastKnownFileType = sourcecode.c.h; path = FSMSGCell.h; sourceTree = "<group>"; };
		71ABE51D1CD6D36E00808AFF /* FSMSGCell.m */ = {isa = PBXFileReference; fileEncoding = 4; lastKnownFileType = sourcecode.c.objc; path = FSMSGCell.m; sourceTree = "<group>"; };
		71ABE51E1CD6D36E00808AFF /* FSMSGCell.xib */ = {isa = PBXFileReference; fileEncoding = 4; lastKnownFileType = file.xib; path = FSMSGCell.xib; sourceTree = "<group>"; };
/* End PBXFileReference section */

/* Begin PBXFrameworksBuildPhase section */
		5C34EC2C1CBFBA5200B53D1C /* Frameworks */ = {
			isa = PBXFrameworksBuildPhase;
			buildActionMask = 2147483647;
			files = (
			);
			runOnlyForDeploymentPostprocessing = 0;
		};
/* End PBXFrameworksBuildPhase section */

/* Begin PBXGroup section */
		5C34EC261CBFBA5100B53D1C = {
			isa = PBXGroup;
			children = (
				5C34EC311CBFBA5200B53D1C /* SendMessage */,
				5C34EC301CBFBA5200B53D1C /* Products */,
			);
			sourceTree = "<group>";
		};
		5C34EC301CBFBA5200B53D1C /* Products */ = {
			isa = PBXGroup;
			children = (
				5C34EC2F1CBFBA5200B53D1C /* SendMessage.app */,
			);
			name = Products;
			sourceTree = "<group>";
		};
		5C34EC311CBFBA5200B53D1C /* SendMessage */ = {
			isa = PBXGroup;
			children = (
				71ABE4BD1CD5B6A000808AFF /* FuSoft */,
				5C34EC351CBFBA5200B53D1C /* AppDelegate.h */,
				5C34EC361CBFBA5200B53D1C /* AppDelegate.m */,
				5C34EC381CBFBA5200B53D1C /* ViewController.h */,
				5C34EC391CBFBA5200B53D1C /* ViewController.m */,
				5C34EC3B1CBFBA5200B53D1C /* Main.storyboard */,
				5C34EC3E1CBFBA5200B53D1C /* Assets.xcassets */,
				5C34EC401CBFBA5200B53D1C /* LaunchScreen.storyboard */,
				5C34EC431CBFBA5200B53D1C /* Info.plist */,
				5C34EC321CBFBA5200B53D1C /* Supporting Files */,
				5C5058BC1CC20133003A2B58 /* SPSetViewController.h */,
				5C5058BD1CC20133003A2B58 /* SPSetViewController.m */,
				5C5058BE1CC20133003A2B58 /* SPSetViewController.xib */,
				71ABE51C1CD6D36E00808AFF /* FSMSGCell.h */,
				71ABE51D1CD6D36E00808AFF /* FSMSGCell.m */,
				71ABE51E1CD6D36E00808AFF /* FSMSGCell.xib */,
			);
			path = SendMessage;
			sourceTree = "<group>";
		};
		5C34EC321CBFBA5200B53D1C /* Supporting Files */ = {
			isa = PBXGroup;
			children = (
				5C34EC331CBFBA5200B53D1C /* main.m */,
			);
			name = "Supporting Files";
			sourceTree = "<group>";
		};
		71ABE4BD1CD5B6A000808AFF /* FuSoft */ = {
			isa = PBXGroup;
			children = (
				71ABE5101CD5F03A00808AFF /* FSBase */,
				71ABE5171CD5F03A00808AFF /* FSMacro.h */,
				71ABE5181CD5F03A00808AFF /* FSWebUrl.h */,
				71ABE4BE1CD5B6A000808AFF /* 3rd */,
				71ABE4E31CD5B6A000808AFF /* FIWebView.h */,
				71ABE4E41CD5B6A000808AFF /* FIWebView.m */,
				71ABE5031CD5BB0A00808AFF /* FuSoft.h */,
				71ABE4E51CD5B6A000808AFF /* FuData.h */,
				71ABE4E61CD5B6A000808AFF /* FuData.m */,
				71ABE4E81CD5B6A000808AFF /* FuSing.h */,
				71ABE4E91CD5B6A000808AFF /* FuSing.m */,
				71ABE4EA1CD5B6A000808AFF /* FuWeb.h */,
				71ABE4EB1CD5B6A000808AFF /* FuWeb.m */,
				71ABE4EC1CD5B6A000808AFF /* Note.txt */,
			);
			name = FuSoft;
			path = ../../ShareEconomy/ShareEconomy/Base/FuSoft;
			sourceTree = "<group>";
		};
		71ABE4BE1CD5B6A000808AFF /* 3rd */ = {
			isa = PBXGroup;
			children = (
				71ABE4BF1CD5B6A000808AFF /* BaseModel */,
				71ABE4C21CD5B6A000808AFF /* GTMBase64 */,
				71ABE4C61CD5B6A000808AFF /* Masonry */,
				71ABE4E01CD5B6A000808AFF /* UIViewExt */,
			);
			path = 3rd;
			sourceTree = "<group>";
		};
		71ABE4BF1CD5B6A000808AFF /* BaseModel */ = {
			isa = PBXGroup;
			children = (
				71ABE4C01CD5B6A000808AFF /* FIBaseEntity.h */,
				71ABE4C11CD5B6A000808AFF /* FIBaseEntity.m */,
			);
			path = BaseModel;
			sourceTree = "<group>";
		};
		71ABE4C21CD5B6A000808AFF /* GTMBase64 */ = {
			isa = PBXGroup;
			children = (
				71ABE4C31CD5B6A000808AFF /* GTMBase64.h */,
				71ABE4C41CD5B6A000808AFF /* GTMBase64.m */,
				71ABE4C51CD5B6A000808AFF /* GTMDefines.h */,
			);
			path = GTMBase64;
			sourceTree = "<group>";
		};
		71ABE4C61CD5B6A000808AFF /* Masonry */ = {
			isa = PBXGroup;
			children = (
				71ABE4C71CD5B6A000808AFF /* MASCompositeConstraint.h */,
				71ABE4C81CD5B6A000808AFF /* MASCompositeConstraint.m */,
				71ABE4C91CD5B6A000808AFF /* MASConstraint+Private.h */,
				71ABE4CA1CD5B6A000808AFF /* MASConstraint.h */,
				71ABE4CB1CD5B6A000808AFF /* MASConstraint.m */,
				71ABE4CC1CD5B6A000808AFF /* MASConstraintMaker.h */,
				71ABE4CD1CD5B6A000808AFF /* MASConstraintMaker.m */,
				71ABE4CE1CD5B6A000808AFF /* MASLayoutConstraint.h */,
				71ABE4CF1CD5B6A000808AFF /* MASLayoutConstraint.m */,
				71ABE4D01CD5B6A000808AFF /* Masonry.h */,
				71ABE4D11CD5B6A000808AFF /* MASUtilities.h */,
				71ABE4D21CD5B6A000808AFF /* MASViewAttribute.h */,
				71ABE4D31CD5B6A000808AFF /* MASViewAttribute.m */,
				71ABE4D41CD5B6A000808AFF /* MASViewConstraint.h */,
				71ABE4D51CD5B6A000808AFF /* MASViewConstraint.m */,
				71ABE4D61CD5B6A000808AFF /* NSArray+MASAdditions.h */,
				71ABE4D71CD5B6A000808AFF /* NSArray+MASAdditions.m */,
				71ABE4D81CD5B6A000808AFF /* NSArray+MASShorthandAdditions.h */,
				71ABE4D91CD5B6A000808AFF /* NSLayoutConstraint+MASDebugAdditions.h */,
				71ABE4DA1CD5B6A000808AFF /* NSLayoutConstraint+MASDebugAdditions.m */,
				71ABE4DB1CD5B6A000808AFF /* View+MASAdditions.h */,
				71ABE4DC1CD5B6A000808AFF /* View+MASAdditions.m */,
				71ABE4DD1CD5B6A000808AFF /* View+MASShorthandAdditions.h */,
				71ABE4DE1CD5B6A000808AFF /* ViewController+MASAdditions.h */,
				71ABE4DF1CD5B6A000808AFF /* ViewController+MASAdditions.m */,
			);
			path = Masonry;
			sourceTree = "<group>";
		};
		71ABE4E01CD5B6A000808AFF /* UIViewExt */ = {
			isa = PBXGroup;
			children = (
				71ABE4E11CD5B6A000808AFF /* UIViewExt.h */,
				71ABE4E21CD5B6A000808AFF /* UIViewExt.m */,
			);
			path = UIViewExt;
			sourceTree = "<group>";
		};
		71ABE5101CD5F03A00808AFF /* FSBase */ = {
			isa = PBXGroup;
			children = (
				71ABE5111CD5F03A00808AFF /* FSBaseController.h */,
				71ABE5121CD5F03A00808AFF /* FSBaseController.m */,
				71ABE5131CD5F03A00808AFF /* FSNavigationController.h */,
				71ABE5141CD5F03A00808AFF /* FSNavigationController.m */,
				71ABE5151CD5F03A00808AFF /* FSViewManager.h */,
				71ABE5161CD5F03A00808AFF /* FSViewManager.m */,
			);
			path = FSBase;
			sourceTree = "<group>";
		};
/* End PBXGroup section */

/* Begin PBXNativeTarget section */
		5C34EC2E1CBFBA5200B53D1C /* SendMessage */ = {
			isa = PBXNativeTarget;
			buildConfigurationList = 5C34EC461CBFBA5200B53D1C /* Build configuration list for PBXNativeTarget "SendMessage" */;
			buildPhases = (
				5C34EC2B1CBFBA5200B53D1C /* Sources */,
				5C34EC2C1CBFBA5200B53D1C /* Frameworks */,
				5C34EC2D1CBFBA5200B53D1C /* Resources */,
			);
			buildRules = (
			);
			dependencies = (
			);
			name = SendMessage;
			productName = SendMessage;
			productReference = 5C34EC2F1CBFBA5200B53D1C /* SendMessage.app */;
			productType = "com.apple.product-type.application";
		};
/* End PBXNativeTarget section */

/* Begin PBXProject section */
		5C34EC271CBFBA5200B53D1C /* Project object */ = {
			isa = PBXProject;
			attributes = {
				LastUpgradeCheck = 0730;
				ORGANIZATIONNAME = fusu;
				TargetAttributes = {
					5C34EC2E1CBFBA5200B53D1C = {
						CreatedOnToolsVersion = 7.3;
						DevelopmentTeam = U9Y4DBL6N3;
					};
				};
			};
			buildConfigurationList = 5C34EC2A1CBFBA5200B53D1C /* Build configuration list for PBXProject "SendMessage" */;
			compatibilityVersion = "Xcode 3.2";
			developmentRegion = English;
			hasScannedForEncodings = 0;
			knownRegions = (
				en,
				Base,
			);
			mainGroup = 5C34EC261CBFBA5100B53D1C;
			productRefGroup = 5C34EC301CBFBA5200B53D1C /* Products */;
			projectDirPath = "";
			projectRoot = "";
			targets = (
				5C34EC2E1CBFBA5200B53D1C /* SendMessage */,
			);
		};
/* End PBXProject section */

/* Begin PBXResourcesBuildPhase section */
		5C34EC2D1CBFBA5200B53D1C /* Resources */ = {
			isa = PBXResourcesBuildPhase;
			buildActionMask = 2147483647;
			files = (
				71ABE5201CD6D36E00808AFF /* FSMSGCell.xib in Resources */,
				71ABE4FE1CD5B6A000808AFF /* Note.txt in Resources */,
				5C34EC421CBFBA5200B53D1C /* LaunchScreen.storyboard in Resources */,
				5C34EC3F1CBFBA5200B53D1C /* Assets.xcassets in Resources */,
				5C5058C01CC20133003A2B58 /* SPSetViewController.xib in Resources */,
				5C34EC3D1CBFBA5200B53D1C /* Main.storyboard in Resources */,
			);
			runOnlyForDeploymentPostprocessing = 0;
		};
/* End PBXResourcesBuildPhase section */

/* Begin PBXSourcesBuildPhase section */
		5C34EC2B1CBFBA5200B53D1C /* Sources */ = {
			isa = PBXSourcesBuildPhase;
			buildActionMask = 2147483647;
			files = (
				71ABE4FD1CD5B6A000808AFF /* FuWeb.m in Sources */,
				71ABE51B1CD5F03A00808AFF /* FSViewManager.m in Sources */,
				71ABE4F01CD5B6A000808AFF /* MASConstraint.m in Sources */,
				71ABE4F31CD5B6A000808AFF /* MASViewAttribute.m in Sources */,
				71ABE4F81CD5B6A000808AFF /* ViewController+MASAdditions.m in Sources */,
				71ABE4F51CD5B6A000808AFF /* NSArray+MASAdditions.m in Sources */,
				71ABE4ED1CD5B6A000808AFF /* FIBaseEntity.m in Sources */,
				71ABE4F41CD5B6A000808AFF /* MASViewConstraint.m in Sources */,
				71ABE4F21CD5B6A000808AFF /* MASLayoutConstraint.m in Sources */,
				71ABE51F1CD6D36E00808AFF /* FSMSGCell.m in Sources */,
				71ABE51A1CD5F03A00808AFF /* FSNavigationController.m in Sources */,
				71ABE4EE1CD5B6A000808AFF /* GTMBase64.m in Sources */,
				5C34EC3A1CBFBA5200B53D1C /* ViewController.m in Sources */,
				71ABE4FB1CD5B6A000808AFF /* FuData.m in Sources */,
				71ABE4F71CD5B6A000808AFF /* View+MASAdditions.m in Sources */,
				71ABE4EF1CD5B6A000808AFF /* MASCompositeConstraint.m in Sources */,
				71ABE4F61CD5B6A000808AFF /* NSLayoutConstraint+MASDebugAdditions.m in Sources */,
				71ABE4F11CD5B6A000808AFF /* MASConstraintMaker.m in Sources */,
				5C34EC371CBFBA5200B53D1C /* AppDelegate.m in Sources */,
				71ABE4FC1CD5B6A000808AFF /* FuSing.m in Sources */,
				71ABE5191CD5F03A00808AFF /* FSBaseController.m in Sources */,
				5C5058BF1CC20133003A2B58 /* SPSetViewController.m in Sources */,
				5C34EC341CBFBA5200B53D1C /* main.m in Sources */,
				71ABE4FA1CD5B6A000808AFF /* FIWebView.m in Sources */,
				71ABE4F91CD5B6A000808AFF /* UIViewExt.m in Sources */,
			);
			runOnlyForDeploymentPostprocessing = 0;
		};
/* End PBXSourcesBuildPhase section */

/* Begin PBXVariantGroup section */
		5C34EC3B1CBFBA5200B53D1C /* Main.storyboard */ = {
			isa = PBXVariantGroup;
			children = (
				5C34EC3C1CBFBA5200B53D1C /* Base */,
			);
			name = Main.storyboard;
			sourceTree = "<group>";
		};
		5C34EC401CBFBA5200B53D1C /* LaunchScreen.storyboard */ = {
			isa = PBXVariantGroup;
			children = (
				5C34EC411CBFBA5200B53D1C /* Base */,
			);
			name = LaunchScreen.storyboard;
			sourceTree = "<group>";
		};
/* End PBXVariantGroup section */

/* Begin XCBuildConfiguration section */
		5C34EC441CBFBA5200B53D1C /* Debug */ = {
			isa = XCBuildConfiguration;
			buildSettings = {
				ALWAYS_SEARCH_USER_PATHS = NO;
				CLANG_ANALYZER_NONNULL = YES;
				CLANG_CXX_LANGUAGE_STANDARD = "gnu++0x";
				CLANG_CXX_LIBRARY = "libc++";
				CLANG_ENABLE_MODULES = YES;
				CLANG_ENABLE_OBJC_ARC = YES;
				CLANG_WARN_BOOL_CONVERSION = YES;
				CLANG_WARN_CONSTANT_CONVERSION = YES;
				CLANG_WARN_DIRECT_OBJC_ISA_USAGE = YES_ERROR;
				CLANG_WARN_EMPTY_BODY = YES;
				CLANG_WARN_ENUM_CONVERSION = YES;
				CLANG_WARN_INT_CONVERSION = YES;
				CLANG_WARN_OBJC_ROOT_CLASS = YES_ERROR;
				CLANG_WARN_UNREACHABLE_CODE = YES;
				CLANG_WARN__DUPLICATE_METHOD_MATCH = YES;
				"CODE_SIGN_IDENTITY[sdk=iphoneos*]" = "iPhone Developer";
				COPY_PHASE_STRIP = NO;
				DEBUG_INFORMATION_FORMAT = dwarf;
				ENABLE_STRICT_OBJC_MSGSEND = YES;
				ENABLE_TESTABILITY = YES;
				GCC_C_LANGUAGE_STANDARD = gnu99;
				GCC_DYNAMIC_NO_PIC = NO;
				GCC_NO_COMMON_BLOCKS = YES;
				GCC_OPTIMIZATION_LEVEL = 0;
				GCC_PREPROCESSOR_DEFINITIONS = (
					"DEBUG=1",
					"$(inherited)",
				);
				GCC_WARN_64_TO_32_BIT_CONVERSION = YES;
				GCC_WARN_ABOUT_RETURN_TYPE = YES_ERROR;
				GCC_WARN_UNDECLARED_SELECTOR = YES;
				GCC_WARN_UNINITIALIZED_AUTOS = YES_AGGRESSIVE;
				GCC_WARN_UNUSED_FUNCTION = YES;
				GCC_WARN_UNUSED_VARIABLE = YES;
				IPHONEOS_DEPLOYMENT_TARGET = 9.3;
				MTL_ENABLE_DEBUG_INFO = YES;
				ONLY_ACTIVE_ARCH = YES;
				SDKROOT = iphoneos;
			};
			name = Debug;
		};
		5C34EC451CBFBA5200B53D1C /* Release */ = {
			isa = XCBuildConfiguration;
			buildSettings = {
				ALWAYS_SEARCH_USER_PATHS = NO;
				CLANG_ANALYZER_NONNULL = YES;
				CLANG_CXX_LANGUAGE_STANDARD = "gnu++0x";
				CLANG_CXX_LIBRARY = "libc++";
				CLANG_ENABLE_MODULES = YES;
				CLANG_ENABLE_OBJC_ARC = YES;
				CLANG_WARN_BOOL_CONVERSION = YES;
				CLANG_WARN_CONSTANT_CONVERSION = YES;
				CLANG_WARN_DIRECT_OBJC_ISA_USAGE = YES_ERROR;
				CLANG_WARN_EMPTY_BODY = YES;
				CLANG_WARN_ENUM_CONVERSION = YES;
				CLANG_WARN_INT_CONVERSION = YES;
				CLANG_WARN_OBJC_ROOT_CLASS = YES_ERROR;
				CLANG_WARN_UNREACHABLE_CODE = YES;
				CLANG_WARN__DUPLICATE_METHOD_MATCH = YES;
				"CODE_SIGN_IDENTITY[sdk=iphoneos*]" = "iPhone Developer";
				COPY_PHASE_STRIP = NO;
				DEBUG_INFORMATION_FORMAT = "dwarf-with-dsym";
				ENABLE_NS_ASSERTIONS = NO;
				ENABLE_STRICT_OBJC_MSGSEND = YES;
				GCC_C_LANGUAGE_STANDARD = gnu99;
				GCC_NO_COMMON_BLOCKS = YES;
				GCC_WARN_64_TO_32_BIT_CONVERSION = YES;
				GCC_WARN_ABOUT_RETURN_TYPE = YES_ERROR;
				GCC_WARN_UNDECLARED_SELECTOR = YES;
				GCC_WARN_UNINITIALIZED_AUTOS = YES_AGGRESSIVE;
				GCC_WARN_UNUSED_FUNCTION = YES;
				GCC_WARN_UNUSED_VARIABLE = YES;
				IPHONEOS_DEPLOYMENT_TARGET = 9.3;
				MTL_ENABLE_DEBUG_INFO = NO;
				SDKROOT = iphoneos;
				VALIDATE_PRODUCT = YES;
			};
			name = Release;
		};
		5C34EC471CBFBA5200B53D1C /* Debug */ = {
			isa = XCBuildConfiguration;
			buildSettings = {
				ASSETCATALOG_COMPILER_APPICON_NAME = AppIcon;
				CODE_SIGN_IDENTITY = "iPhone Developer";
				"CODE_SIGN_IDENTITY[sdk=iphoneos*]" = "iPhone Developer";
				INFOPLIST_FILE = SendMessage/Info.plist;
				IPHONEOS_DEPLOYMENT_TARGET = 8.0;
				LD_RUNPATH_SEARCH_PATHS = "$(inherited) @executable_path/Frameworks";
				PRODUCT_BUNDLE_IDENTIFIER = firstShare.SendMessage;
				PRODUCT_NAME = "$(TARGET_NAME)";
				PROVISIONING_PROFILE = "";
			};
			name = Debug;
		};
		5C34EC481CBFBA5200B53D1C /* Release */ = {
			isa = XCBuildConfiguration;
			buildSettings = {
				ASSETCATALOG_COMPILER_APPICON_NAME = AppIcon;
				CODE_SIGN_IDENTITY = "iPhone Developer";
				"CODE_SIGN_IDENTITY[sdk=iphoneos*]" = "iPhone Developer";
				INFOPLIST_FILE = SendMessage/Info.plist;
				IPHONEOS_DEPLOYMENT_TARGET = 8.0;
				LD_RUNPATH_SEARCH_PATHS = "$(inherited) @executable_path/Frameworks";
				PRODUCT_BUNDLE_IDENTIFIER = firstShare.SendMessage;
				PRODUCT_NAME = "$(TARGET_NAME)";
				PROVISIONING_PROFILE = "";
			};
			name = Release;
		};
/* End XCBuildConfiguration section */

/* Begin XCConfigurationList section */
		5C34EC2A1CBFBA5200B53D1C /* Build configuration list for PBXProject "SendMessage" */ = {
			isa = XCConfigurationList;
			buildConfigurations = (
				5C34EC441CBFBA5200B53D1C /* Debug */,
				5C34EC451CBFBA5200B53D1C /* Release */,
			);
			defaultConfigurationIsVisible = 0;
			defaultConfigurationName = Release;
		};
		5C34EC461CBFBA5200B53D1C /* Build configuration list for PBXNativeTarget "SendMessage" */ = {
			isa = XCConfigurationList;
			buildConfigurations = (
				5C34EC471CBFBA5200B53D1C /* Debug */,
				5C34EC481CBFBA5200B53D1C /* Release */,
			);
			defaultConfigurationIsVisible = 0;
			defaultConfigurationName = Release;
		};
/* End XCConfigurationList section */
	};
	rootObject = 5C34EC271CBFBA5200B53D1C /* Project object */;
}
